{
  "version": 4,
  "terraform_version": "1.6.3",
  "serial": 50,
  "lineage": "b7252804-f4d4-a419-fe84-b77ff66f5402",
  "outputs": {
    "os_password": {
      "value": "8V00zQ6GlJ1icUQWjCEEOpVS",
      "type": "string"
    },
    "os_user": {
      "value": "sinequa",
      "type": "string"
    },
    "sinequa_admin_password": {
      "value": "08Sy4OxCTWsAIgZWre71sVYu",
      "type": "string"
    },
    "sinequa_admin_url": {
      "value": "http://4.241.92.30/admin",
      "type": "string"
    }
  },
  "resources": [
    {
      "mode": "data",
      "type": "azurerm_client_config",
      "name": "current",
      "provider": "provider[\"registry.terraform.io/hashicorp/azurerm\"]",
      "instances": [
        {
          "schema_version": 0,
          "attributes": {
            "client_id": "04b07795-8ddb-461a-bbee-02f9e1bf7b46",
            "id": "Y2xpZW50Q29uZmlncy9jbGllbnRJZD0wNGIwNzc5NS04ZGRiLTQ2MWEtYmJlZS0wMmY5ZTFiZjdiNDY7b2JqZWN0SWQ9MmU3YTEyYjMtZGU2My00ZmQ3LWIyOTYtMmU3YjZlNzIzYmM1O3N1YnNjcmlwdGlvbklkPTU4MDA2YjcxLTlmY2EtNGRmMy1hZTliLTg5M2M2ZTQyNjdjZTt0ZW5hbnRJZD1jMmQ1OGEzNS05YTAxLTQ2ZTEtODUxOS0wNmRhYTQwNmQ4Njk=",
            "object_id": "2e7a12b3-de63-4fd7-b296-2e7b6e723bc5",
            "subscription_id": "58006b71-9fca-4df3-ae9b-893c6e4267ce",
            "tenant_id": "c2d58a35-9a01-46e1-8519-06daa406d869",
            "timeouts": null
          },
          "sensitive_attributes": []
        }
      ]
    },
    {
      "mode": "data",
      "type": "azurerm_public_ip",
      "name": "public_ip",
      "provider": "provider[\"registry.terraform.io/hashicorp/azurerm\"]",
      "instances": [
        {
          "schema_version": 0,
          "attributes": {
            "allocation_method": "Dynamic",
            "ddos_protection_mode": "VirtualNetworkInherited",
            "ddos_protection_plan_id": null,
            "domain_name_label": "",
            "fqdn": "",
            "id": "/subscriptions/58006b71-9fca-4df3-ae9b-893c6e4267ce/resourceGroups/rg-university-s4a-image_terraform/providers/Microsoft.Network/publicIPAddresses/pip-vm-node1",
            "idle_timeout_in_minutes": 4,
            "ip_address": "4.241.92.30",
            "ip_tags": {},
            "ip_version": "IPv4",
            "location": "japaneast",
            "name": "pip-vm-node1",
            "resource_group_name": "rg-university-s4a-image_terraform",
            "reverse_fqdn": "",
            "sku": "Basic",
            "tags": {
              "sinequa-auto-disk": "auto",
              "sinequa-data-storage-url": "https://stprim0bc56606a55823e8ef.blob.core.windows.net/sinequa/grids/rg-university-s4a-image_terraform/",
              "sinequa-engine": "engine1",
              "sinequa-node": "vm-node1",
              "sinequa-path": "C:\\sinequa",
              "sinequa-primary-node-id": "1",
              "sinequa-webapp": "webApp1",
              "sinequa-webapp-fw-port": "80"
            },
            "timeouts": null,
            "zones": []
          },
          "sensitive_attributes": []
        }
      ]
    },
    {
      "mode": "managed",
      "type": "azurerm_resource_group",
      "name": "sinequa_rg",
      "provider": "provider[\"registry.terraform.io/hashicorp/azurerm\"]",
      "instances": [
        {
          "schema_version": 0,
          "attributes": {
            "id": "/subscriptions/58006b71-9fca-4df3-ae9b-893c6e4267ce/resourceGroups/rg-university-s4a-image_terraform",
            "location": "japaneast",
            "managed_by": "",
            "name": "rg-university-s4a-image_terraform",
            "tags": null,
            "timeouts": null
          },
          "sensitive_attributes": [],
          "private": "eyJlMmJmYjczMC1lY2FhLTExZTYtOGY4OC0zNDM2M2JjN2M0YzAiOnsiY3JlYXRlIjo1NDAwMDAwMDAwMDAwLCJkZWxldGUiOjU0MDAwMDAwMDAwMDAsInJlYWQiOjMwMDAwMDAwMDAwMCwidXBkYXRlIjo1NDAwMDAwMDAwMDAwfX0="
        }
      ]
    },
    {
      "mode": "managed",
      "type": "random_password",
      "name": "passwd",
      "provider": "provider[\"registry.terraform.io/hashicorp/random\"]",
      "instances": [
        {
          "schema_version": 3,
          "attributes": {
            "bcrypt_hash": "$2a$10$9HDlaLJ9HSp1KekCVz/z/eloga/HD4QW8D66LNNwzOuK4FFrorbky",
            "id": "none",
            "keepers": {
              "domain_name_label": "rg-university-s4a-image_terraform"
            },
            "length": 24,
            "lower": true,
            "min_lower": 2,
            "min_numeric": 4,
            "min_special": 0,
            "min_upper": 4,
            "number": true,
            "numeric": true,
            "override_special": null,
            "result": "8V00zQ6GlJ1icUQWjCEEOpVS",
            "special": false,
            "upper": true
          },
          "sensitive_attributes": []
        }
      ]
    },
    {
      "mode": "managed",
      "type": "random_password",
      "name": "sq_passwd",
      "provider": "provider[\"registry.terraform.io/hashicorp/random\"]",
      "instances": [
        {
          "schema_version": 3,
          "attributes": {
            "bcrypt_hash": "$2a$10$8mNtnfvtf90EfCaSG3u9WerifgrlEn.yNJ9cpY/VdFYY7PYCFmt2m",
            "id": "none",
            "keepers": {
              "domain_name_label": "rg-university-s4a-image_terraform"
            },
            "length": 24,
            "lower": true,
            "min_lower": 2,
            "min_numeric": 4,
            "min_special": 0,
            "min_upper": 4,
            "number": true,
            "numeric": true,
            "override_special": null,
            "result": "08Sy4OxCTWsAIgZWre71sVYu",
            "special": false,
            "upper": true
          },
          "sensitive_attributes": []
        }
      ]
    },
    {
      "module": "module.kv_st_services",
      "mode": "data",
      "type": "azurerm_client_config",
      "name": "current",
      "provider": "provider[\"registry.terraform.io/hashicorp/azurerm\"]",
      "instances": [
        {
          "schema_version": 0,
          "attributes": {
            "client_id": "04b07795-8ddb-461a-bbee-02f9e1bf7b46",
            "id": "Y2xpZW50Q29uZmlncy9jbGllbnRJZD0wNGIwNzc5NS04ZGRiLTQ2MWEtYmJlZS0wMmY5ZTFiZjdiNDY7b2JqZWN0SWQ9MmU3YTEyYjMtZGU2My00ZmQ3LWIyOTYtMmU3YjZlNzIzYmM1O3N1YnNjcmlwdGlvbklkPTU4MDA2YjcxLTlmY2EtNGRmMy1hZTliLTg5M2M2ZTQyNjdjZTt0ZW5hbnRJZD1jMmQ1OGEzNS05YTAxLTQ2ZTEtODUxOS0wNmRhYTQwNmQ4Njk=",
            "object_id": "2e7a12b3-de63-4fd7-b296-2e7b6e723bc5",
            "subscription_id": "58006b71-9fca-4df3-ae9b-893c6e4267ce",
            "tenant_id": "c2d58a35-9a01-46e1-8519-06daa406d869",
            "timeouts": null
          },
          "sensitive_attributes": []
        }
      ]
    },
    {
      "module": "module.kv_st_services",
      "mode": "managed",
      "type": "azurerm_key_vault",
      "name": "sinequa_kv",
      "provider": "provider[\"registry.terraform.io/hashicorp/azurerm\"]",
      "instances": [
        {
          "schema_version": 2,
          "attributes": {
            "access_policy": [],
            "contact": [],
            "enable_rbac_authorization": true,
            "enabled_for_deployment": false,
            "enabled_for_disk_encryption": false,
            "enabled_for_template_deployment": false,
            "id": "/subscriptions/58006b71-9fca-4df3-ae9b-893c6e4267ce/resourceGroups/rg-university-s4a-image_terraform/providers/Microsoft.KeyVault/vaults/kv-0bc56606a55823e8ef52d",
            "location": "japaneast",
            "name": "kv-0bc56606a55823e8ef52d",
            "network_acls": [
              {
                "bypass": "AzureServices",
                "default_action": "Allow",
                "ip_rules": [],
                "virtual_network_subnet_ids": []
              }
            ],
            "public_network_access_enabled": true,
            "purge_protection_enabled": false,
            "resource_group_name": "rg-university-s4a-image_terraform",
            "sku_name": "standard",
            "soft_delete_retention_days": 90,
            "tags": null,
            "tenant_id": "c2d58a35-9a01-46e1-8519-06daa406d869",
            "timeouts": null,
            "vault_uri": "https://kv-0bc56606a55823e8ef52d.vault.azure.net/"
          },
          "sensitive_attributes": [],
          "private": "eyJlMmJmYjczMC1lY2FhLTExZTYtOGY4OC0zNDM2M2JjN2M0YzAiOnsiY3JlYXRlIjoxODAwMDAwMDAwMDAwLCJkZWxldGUiOjE4MDAwMDAwMDAwMDAsInJlYWQiOjMwMDAwMDAwMDAwMCwidXBkYXRlIjoxODAwMDAwMDAwMDAwfSwic2NoZW1hX3ZlcnNpb24iOiIyIn0=",
          "dependencies": [
            "azurerm_resource_group.sinequa_rg",
            "module.kv_st_services.azurerm_user_assigned_identity.identity",
            "module.kv_st_services.data.azurerm_client_config.current"
          ]
        }
      ]
    },
    {
      "module": "module.kv_st_services",
      "mode": "managed",
      "type": "azurerm_key_vault_secret",
      "name": "sinequa_kv_default_admin_password",
      "provider": "provider[\"registry.terraform.io/hashicorp/azurerm\"]",
      "instances": [
        {
          "schema_version": 0,
          "attributes": {
            "content_type": "",
            "expiration_date": null,
            "id": "https://kv-0bc56606a55823e8ef52d.vault.azure.net/secrets/sinequa-default-admin-password/560d955c50564eb29bd78c313057ba5c",
            "key_vault_id": "/subscriptions/58006b71-9fca-4df3-ae9b-893c6e4267ce/resourceGroups/rg-university-s4a-image_terraform/providers/Microsoft.KeyVault/vaults/kv-0bc56606a55823e8ef52d",
            "name": "sinequa-default-admin-password",
            "not_before_date": null,
            "resource_id": "/subscriptions/58006b71-9fca-4df3-ae9b-893c6e4267ce/resourceGroups/rg-university-s4a-image_terraform/providers/Microsoft.KeyVault/vaults/kv-0bc56606a55823e8ef52d/secrets/sinequa-default-admin-password/versions/560d955c50564eb29bd78c313057ba5c",
            "resource_versionless_id": "/subscriptions/58006b71-9fca-4df3-ae9b-893c6e4267ce/resourceGroups/rg-university-s4a-image_terraform/providers/Microsoft.KeyVault/vaults/kv-0bc56606a55823e8ef52d/secrets/sinequa-default-admin-password",
            "tags": null,
            "timeouts": null,
            "value": "08Sy4OxCTWsAIgZWre71sVYu",
            "version": "560d955c50564eb29bd78c313057ba5c",
            "versionless_id": "https://kv-0bc56606a55823e8ef52d.vault.azure.net/secrets/sinequa-default-admin-password"
          },
          "sensitive_attributes": [
            [
              {
                "type": "get_attr",
                "value": "value"
              }
            ]
          ],
          "private": "eyJlMmJmYjczMC1lY2FhLTExZTYtOGY4OC0zNDM2M2JjN2M0YzAiOnsiY3JlYXRlIjoxODAwMDAwMDAwMDAwLCJkZWxldGUiOjE4MDAwMDAwMDAwMDAsInJlYWQiOjE4MDAwMDAwMDAwMDAsInVwZGF0ZSI6MTgwMDAwMDAwMDAwMH19",
          "dependencies": [
            "azurerm_resource_group.sinequa_rg",
            "module.kv_st_services.azurerm_key_vault.sinequa_kv",
            "module.kv_st_services.azurerm_role_assignment.sinequa_kv_role_for_me",
            "module.kv_st_services.azurerm_user_assigned_identity.identity",
            "module.kv_st_services.data.azurerm_client_config.current",
            "random_password.sq_passwd"
          ]
        }
      ]
    },
    {
      "module": "module.kv_st_services",
      "mode": "managed",
      "type": "azurerm_key_vault_secret",
      "name": "sinequa_kv_secret_password",
      "provider": "provider[\"registry.terraform.io/hashicorp/azurerm\"]",
      "instances": [
        {
          "schema_version": 0,
          "attributes": {
            "content_type": "",
            "expiration_date": null,
            "id": "https://kv-0bc56606a55823e8ef52d.vault.azure.net/secrets/os-password/4c03ed1ca0394256a2d21d98491ef32e",
            "key_vault_id": "/subscriptions/58006b71-9fca-4df3-ae9b-893c6e4267ce/resourceGroups/rg-university-s4a-image_terraform/providers/Microsoft.KeyVault/vaults/kv-0bc56606a55823e8ef52d",
            "name": "os-password",
            "not_before_date": null,
            "resource_id": "/subscriptions/58006b71-9fca-4df3-ae9b-893c6e4267ce/resourceGroups/rg-university-s4a-image_terraform/providers/Microsoft.KeyVault/vaults/kv-0bc56606a55823e8ef52d/secrets/os-password/versions/4c03ed1ca0394256a2d21d98491ef32e",
            "resource_versionless_id": "/subscriptions/58006b71-9fca-4df3-ae9b-893c6e4267ce/resourceGroups/rg-university-s4a-image_terraform/providers/Microsoft.KeyVault/vaults/kv-0bc56606a55823e8ef52d/secrets/os-password",
            "tags": null,
            "timeouts": null,
            "value": "8V00zQ6GlJ1icUQWjCEEOpVS",
            "version": "4c03ed1ca0394256a2d21d98491ef32e",
            "versionless_id": "https://kv-0bc56606a55823e8ef52d.vault.azure.net/secrets/os-password"
          },
          "sensitive_attributes": [
            [
              {
                "type": "get_attr",
                "value": "value"
              }
            ]
          ],
          "private": "eyJlMmJmYjczMC1lY2FhLTExZTYtOGY4OC0zNDM2M2JjN2M0YzAiOnsiY3JlYXRlIjoxODAwMDAwMDAwMDAwLCJkZWxldGUiOjE4MDAwMDAwMDAwMDAsInJlYWQiOjE4MDAwMDAwMDAwMDAsInVwZGF0ZSI6MTgwMDAwMDAwMDAwMH19",
          "dependencies": [
            "azurerm_resource_group.sinequa_rg",
            "module.kv_st_services.azurerm_key_vault.sinequa_kv",
            "module.kv_st_services.azurerm_role_assignment.sinequa_kv_role_for_me",
            "module.kv_st_services.azurerm_user_assigned_identity.identity",
            "module.kv_st_services.data.azurerm_client_config.current",
            "random_password.passwd"
          ]
        }
      ]
    },
    {
      "module": "module.kv_st_services",
      "mode": "managed",
      "type": "azurerm_key_vault_secret",
      "name": "sinequa_kv_secret_sinequa_license",
      "provider": "provider[\"registry.terraform.io/hashicorp/azurerm\"]",
      "instances": [
        {
          "schema_version": 0,
          "attributes": {
            "content_type": "",
            "expiration_date": null,
            "id": "https://kv-0bc56606a55823e8ef52d.vault.azure.net/secrets/sinequa-license/4445eaad4e0a4991bb20ee40c92b71a9",
            "key_vault_id": "/subscriptions/58006b71-9fca-4df3-ae9b-893c6e4267ce/resourceGroups/rg-university-s4a-image_terraform/providers/Microsoft.KeyVault/vaults/kv-0bc56606a55823e8ef52d",
            "name": "sinequa-license",
            "not_before_date": null,
            "resource_id": "/subscriptions/58006b71-9fca-4df3-ae9b-893c6e4267ce/resourceGroups/rg-university-s4a-image_terraform/providers/Microsoft.KeyVault/vaults/kv-0bc56606a55823e8ef52d/secrets/sinequa-license/versions/4445eaad4e0a4991bb20ee40c92b71a9",
            "resource_versionless_id": "/subscriptions/58006b71-9fca-4df3-ae9b-893c6e4267ce/resourceGroups/rg-university-s4a-image_terraform/providers/Microsoft.KeyVault/vaults/kv-0bc56606a55823e8ef52d/secrets/sinequa-license",
            "tags": null,
            "timeouts": null,
            "value": " Sinequa License\r\n\r\n--------------------- options --------\r\n  Title                                   Partner License key for Sinequa ES V11 - CTC ITOCHU JP\r\n  CustomerName                            Natsumi Tsuzuki\r\n  Company                                 CTC ITOCHU JP\r\n  Author                                  Alain GRIGNON\r\n  NbrDays                                 227\r\n  NbrUnits                                5000000\r\n  RecordToUnit                            0.1\r\n  NeuralDocToUnit                         10\r\n  LicenseType                             Partner\r\n  CreationDate                            2023-12-15\r\n  StartingDate                            2023-12-15\r\n  ExpirationDate                          2024-07-30\r\n--------------------- key ------------\r\n4fd06c0551019a2e07296124fd1533ecce256aa679efb11265b978eec8f1ad914f5f5bc360fc62f743e589229078bb1cf588ea1e5728d04a4661827926fcb630\r\neeb449d709e1dceb78d072bc7f70069c64e023bbfd3608770cbd751e57122b21aaa48b265376926e5c5c5e9c157881b069a6bef2d2a3ee8d2d7171b4b0787274\r\n74b8523a058237f51a9a02181b1adf44a885149658a90e7f9469eb023193bd079610bd72d6e585846a468aa838704dec855a158987bf836847db3db578223347\r\n4ba52824ffa2c6bb65ced2923e54f00ab8a32aa806accbde3313e7b015e4c6e9b951c372381b6581b248e3bb24c1c92f8ca41344ed71423737d79f08ad2b94ec\r\nff2723d39b4b1fd69f79366ed973aa7d40b8ffdc1099151dd570f39904faffb2b852568361597600246752492fc51429\r\n--------------------------------------\r\n",
            "version": "4445eaad4e0a4991bb20ee40c92b71a9",
            "versionless_id": "https://kv-0bc56606a55823e8ef52d.vault.azure.net/secrets/sinequa-license"
          },
          "sensitive_attributes": [],
          "private": "eyJlMmJmYjczMC1lY2FhLTExZTYtOGY4OC0zNDM2M2JjN2M0YzAiOnsiY3JlYXRlIjoxODAwMDAwMDAwMDAwLCJkZWxldGUiOjE4MDAwMDAwMDAwMDAsInJlYWQiOjE4MDAwMDAwMDAwMDAsInVwZGF0ZSI6MTgwMDAwMDAwMDAwMH19",
          "dependencies": [
            "azurerm_resource_group.sinequa_rg",
            "module.kv_st_services.azurerm_key_vault.sinequa_kv",
            "module.kv_st_services.azurerm_role_assignment.sinequa_kv_role_for_me",
            "module.kv_st_services.azurerm_user_assigned_identity.identity",
            "module.kv_st_services.data.azurerm_client_config.current"
          ]
        }
      ]
    },
    {
      "module": "module.kv_st_services",
      "mode": "managed",
      "type": "azurerm_role_assignment",
      "name": "sinequa_kv_role_for_id",
      "provider": "provider[\"registry.terraform.io/hashicorp/azurerm\"]",
      "instances": [
        {
          "schema_version": 0,
          "attributes": {
            "condition": "",
            "condition_version": "",
            "delegated_managed_identity_resource_id": "",
            "description": "",
            "id": "/subscriptions/58006b71-9fca-4df3-ae9b-893c6e4267ce/resourceGroups/rg-university-s4a-image_terraform/providers/Microsoft.KeyVault/vaults/kv-0bc56606a55823e8ef52d/providers/Microsoft.Authorization/roleAssignments/c238b2f4-50e3-1483-d1b6-4e45888a0a50",
            "name": "c238b2f4-50e3-1483-d1b6-4e45888a0a50",
            "principal_id": "366b5721-362a-444c-aae9-8c5fd5ccceb6",
            "principal_type": "ServicePrincipal",
            "role_definition_id": "/subscriptions/58006b71-9fca-4df3-ae9b-893c6e4267ce/providers/Microsoft.Authorization/roleDefinitions/b86a8fe4-44ce-4948-aee5-eccb2c155cd7",
            "role_definition_name": "Key Vault Secrets Officer",
            "scope": "/subscriptions/58006b71-9fca-4df3-ae9b-893c6e4267ce/resourceGroups/rg-university-s4a-image_terraform/providers/Microsoft.KeyVault/vaults/kv-0bc56606a55823e8ef52d",
            "skip_service_principal_aad_check": null,
            "timeouts": null
          },
          "sensitive_attributes": [],
          "private": "eyJlMmJmYjczMC1lY2FhLTExZTYtOGY4OC0zNDM2M2JjN2M0YzAiOnsiY3JlYXRlIjoxODAwMDAwMDAwMDAwLCJkZWxldGUiOjE4MDAwMDAwMDAwMDAsInJlYWQiOjMwMDAwMDAwMDAwMCwidXBkYXRlIjoxODAwMDAwMDAwMDAwfX0=",
          "dependencies": [
            "azurerm_resource_group.sinequa_rg",
            "module.kv_st_services.azurerm_key_vault.sinequa_kv",
            "module.kv_st_services.azurerm_user_assigned_identity.identity",
            "module.kv_st_services.data.azurerm_client_config.current"
          ]
        }
      ]
    },
    {
      "module": "module.kv_st_services",
      "mode": "managed",
      "type": "azurerm_role_assignment",
      "name": "sinequa_kv_role_for_me",
      "provider": "provider[\"registry.terraform.io/hashicorp/azurerm\"]",
      "instances": [
        {
          "schema_version": 0,
          "attributes": {
            "condition": "",
            "condition_version": "",
            "delegated_managed_identity_resource_id": "",
            "description": "",
            "id": "/subscriptions/58006b71-9fca-4df3-ae9b-893c6e4267ce/resourceGroups/rg-university-s4a-image_terraform/providers/Microsoft.KeyVault/vaults/kv-0bc56606a55823e8ef52d/providers/Microsoft.Authorization/roleAssignments/dda680bd-4ca4-fadc-700b-381f2219a194",
            "name": "dda680bd-4ca4-fadc-700b-381f2219a194",
            "principal_id": "2e7a12b3-de63-4fd7-b296-2e7b6e723bc5",
            "principal_type": "User",
            "role_definition_id": "/subscriptions/58006b71-9fca-4df3-ae9b-893c6e4267ce/providers/Microsoft.Authorization/roleDefinitions/b86a8fe4-44ce-4948-aee5-eccb2c155cd7",
            "role_definition_name": "Key Vault Secrets Officer",
            "scope": "/subscriptions/58006b71-9fca-4df3-ae9b-893c6e4267ce/resourceGroups/rg-university-s4a-image_terraform/providers/Microsoft.KeyVault/vaults/kv-0bc56606a55823e8ef52d",
            "skip_service_principal_aad_check": null,
            "timeouts": null
          },
          "sensitive_attributes": [],
          "private": "eyJlMmJmYjczMC1lY2FhLTExZTYtOGY4OC0zNDM2M2JjN2M0YzAiOnsiY3JlYXRlIjoxODAwMDAwMDAwMDAwLCJkZWxldGUiOjE4MDAwMDAwMDAwMDAsInJlYWQiOjMwMDAwMDAwMDAwMCwidXBkYXRlIjoxODAwMDAwMDAwMDAwfX0=",
          "dependencies": [
            "azurerm_resource_group.sinequa_rg",
            "module.kv_st_services.azurerm_key_vault.sinequa_kv",
            "module.kv_st_services.azurerm_user_assigned_identity.identity",
            "module.kv_st_services.data.azurerm_client_config.current"
          ]
        }
      ]
    },
    {
      "module": "module.kv_st_services",
      "mode": "managed",
      "type": "azurerm_role_assignment",
      "name": "sinequa_st_hot_role_id",
      "provider": "provider[\"registry.terraform.io/hashicorp/azurerm\"]",
      "instances": [
        {
          "schema_version": 0,
          "attributes": {
            "condition": "",
            "condition_version": "",
            "delegated_managed_identity_resource_id": "",
            "description": "",
            "id": "/subscriptions/58006b71-9fca-4df3-ae9b-893c6e4267ce/resourceGroups/rg-university-s4a-image_terraform/providers/Microsoft.Storage/storageAccounts/stsec0bc56606a55823e8ef5/providers/Microsoft.Authorization/roleAssignments/2d00f79f-3003-cf36-e98e-65103f5d17a1",
            "name": "2d00f79f-3003-cf36-e98e-65103f5d17a1",
            "principal_id": "366b5721-362a-444c-aae9-8c5fd5ccceb6",
            "principal_type": "ServicePrincipal",
            "role_definition_id": "/subscriptions/58006b71-9fca-4df3-ae9b-893c6e4267ce/providers/Microsoft.Authorization/roleDefinitions/ba92f5b4-2d11-453d-a403-e96b0029c9fe",
            "role_definition_name": "Storage Blob Data Contributor",
            "scope": "/subscriptions/58006b71-9fca-4df3-ae9b-893c6e4267ce/resourceGroups/rg-university-s4a-image_terraform/providers/Microsoft.Storage/storageAccounts/stsec0bc56606a55823e8ef5",
            "skip_service_principal_aad_check": null,
            "timeouts": null
          },
          "sensitive_attributes": [],
          "private": "eyJlMmJmYjczMC1lY2FhLTExZTYtOGY4OC0zNDM2M2JjN2M0YzAiOnsiY3JlYXRlIjoxODAwMDAwMDAwMDAwLCJkZWxldGUiOjE4MDAwMDAwMDAwMDAsInJlYWQiOjMwMDAwMDAwMDAwMCwidXBkYXRlIjoxODAwMDAwMDAwMDAwfX0=",
          "dependencies": [
            "azurerm_resource_group.sinequa_rg",
            "module.kv_st_services.azurerm_storage_account.sinequa_st_hot",
            "module.kv_st_services.azurerm_user_assigned_identity.identity"
          ]
        }
      ]
    },
    {
      "module": "module.kv_st_services",
      "mode": "managed",
      "type": "azurerm_role_assignment",
      "name": "sinequa_st_premium_role_id",
      "provider": "provider[\"registry.terraform.io/hashicorp/azurerm\"]",
      "instances": [
        {
          "schema_version": 0,
          "attributes": {
            "condition": "",
            "condition_version": "",
            "delegated_managed_identity_resource_id": "",
            "description": "",
            "id": "/subscriptions/58006b71-9fca-4df3-ae9b-893c6e4267ce/resourceGroups/rg-university-s4a-image_terraform/providers/Microsoft.Storage/storageAccounts/stprim0bc56606a55823e8ef/providers/Microsoft.Authorization/roleAssignments/f76584e9-d255-e745-ae7c-b6347cd719c6",
            "name": "f76584e9-d255-e745-ae7c-b6347cd719c6",
            "principal_id": "366b5721-362a-444c-aae9-8c5fd5ccceb6",
            "principal_type": "ServicePrincipal",
            "role_definition_id": "/subscriptions/58006b71-9fca-4df3-ae9b-893c6e4267ce/providers/Microsoft.Authorization/roleDefinitions/ba92f5b4-2d11-453d-a403-e96b0029c9fe",
            "role_definition_name": "Storage Blob Data Contributor",
            "scope": "/subscriptions/58006b71-9fca-4df3-ae9b-893c6e4267ce/resourceGroups/rg-university-s4a-image_terraform/providers/Microsoft.Storage/storageAccounts/stprim0bc56606a55823e8ef",
            "skip_service_principal_aad_check": null,
            "timeouts": null
          },
          "sensitive_attributes": [],
          "private": "eyJlMmJmYjczMC1lY2FhLTExZTYtOGY4OC0zNDM2M2JjN2M0YzAiOnsiY3JlYXRlIjoxODAwMDAwMDAwMDAwLCJkZWxldGUiOjE4MDAwMDAwMDAwMDAsInJlYWQiOjMwMDAwMDAwMDAwMCwidXBkYXRlIjoxODAwMDAwMDAwMDAwfX0=",
          "dependencies": [
            "azurerm_resource_group.sinequa_rg",
            "module.kv_st_services.azurerm_storage_account.sinequa_st_premium",
            "module.kv_st_services.azurerm_user_assigned_identity.identity"
          ]
        }
      ]
    },
    {
      "module": "module.kv_st_services",
      "mode": "managed",
      "type": "azurerm_storage_account",
      "name": "sinequa_st_hot",
      "provider": "provider[\"registry.terraform.io/hashicorp/azurerm\"]",
      "instances": [
        {
          "schema_version": 4,
          "attributes": {
            "access_tier": "Hot",
            "account_kind": "StorageV2",
            "account_replication_type": "LRS",
            "account_tier": "Standard",
            "allow_nested_items_to_be_public": true,
            "allowed_copy_scope": "",
            "azure_files_authentication": [],
            "blob_properties": [
              {
                "change_feed_enabled": false,
                "change_feed_retention_in_days": 0,
                "container_delete_retention_policy": [],
                "cors_rule": [],
                "default_service_version": "",
                "delete_retention_policy": [],
                "last_access_time_enabled": false,
                "restore_policy": [],
                "versioning_enabled": false
              }
            ],
            "cross_tenant_replication_enabled": true,
            "custom_domain": [],
            "customer_managed_key": [],
            "default_to_oauth_authentication": false,
            "edge_zone": "",
            "enable_https_traffic_only": true,
            "id": "/subscriptions/58006b71-9fca-4df3-ae9b-893c6e4267ce/resourceGroups/rg-university-s4a-image_terraform/providers/Microsoft.Storage/storageAccounts/stsec0bc56606a55823e8ef5",
            "identity": [],
            "immutability_policy": [],
            "infrastructure_encryption_enabled": false,
            "is_hns_enabled": false,
            "large_file_share_enabled": null,
            "location": "japaneast",
            "min_tls_version": "TLS1_2",
            "name": "stsec0bc56606a55823e8ef5",
            "network_rules": [
              {
                "bypass": [
                  "AzureServices"
                ],
                "default_action": "Allow",
                "ip_rules": [],
                "private_link_access": [],
                "virtual_network_subnet_ids": []
              }
            ],
            "nfsv3_enabled": false,
            "primary_access_key": "EKxv2RcvJnlKjpHUHXkDAVjetGOMrvHGiiDD3HmOQJdBCFILEGs0gxv1BPMo7BB6+Qpr4mZevpil+ASthXAA/Q==",
            "primary_blob_connection_string": "DefaultEndpointsProtocol=https;BlobEndpoint=https://stsec0bc56606a55823e8ef5.blob.core.windows.net/;AccountName=stsec0bc56606a55823e8ef5;AccountKey=EKxv2RcvJnlKjpHUHXkDAVjetGOMrvHGiiDD3HmOQJdBCFILEGs0gxv1BPMo7BB6+Qpr4mZevpil+ASthXAA/Q==",
            "primary_blob_endpoint": "https://stsec0bc56606a55823e8ef5.blob.core.windows.net/",
            "primary_blob_host": "stsec0bc56606a55823e8ef5.blob.core.windows.net",
            "primary_connection_string": "DefaultEndpointsProtocol=https;AccountName=stsec0bc56606a55823e8ef5;AccountKey=EKxv2RcvJnlKjpHUHXkDAVjetGOMrvHGiiDD3HmOQJdBCFILEGs0gxv1BPMo7BB6+Qpr4mZevpil+ASthXAA/Q==;EndpointSuffix=core.windows.net",
            "primary_dfs_endpoint": "https://stsec0bc56606a55823e8ef5.dfs.core.windows.net/",
            "primary_dfs_host": "stsec0bc56606a55823e8ef5.dfs.core.windows.net",
            "primary_file_endpoint": "https://stsec0bc56606a55823e8ef5.file.core.windows.net/",
            "primary_file_host": "stsec0bc56606a55823e8ef5.file.core.windows.net",
            "primary_location": "japaneast",
            "primary_queue_endpoint": "https://stsec0bc56606a55823e8ef5.queue.core.windows.net/",
            "primary_queue_host": "stsec0bc56606a55823e8ef5.queue.core.windows.net",
            "primary_table_endpoint": "https://stsec0bc56606a55823e8ef5.table.core.windows.net/",
            "primary_table_host": "stsec0bc56606a55823e8ef5.table.core.windows.net",
            "primary_web_endpoint": "https://stsec0bc56606a55823e8ef5.z11.web.core.windows.net/",
            "primary_web_host": "stsec0bc56606a55823e8ef5.z11.web.core.windows.net",
            "public_network_access_enabled": true,
            "queue_encryption_key_type": "Service",
            "queue_properties": [
              {
                "cors_rule": [],
                "hour_metrics": [
                  {
                    "enabled": true,
                    "include_apis": true,
                    "retention_policy_days": 7,
                    "version": "1.0"
                  }
                ],
                "logging": [
                  {
                    "delete": false,
                    "read": false,
                    "retention_policy_days": 0,
                    "version": "1.0",
                    "write": false
                  }
                ],
                "minute_metrics": [
                  {
                    "enabled": false,
                    "include_apis": false,
                    "retention_policy_days": 0,
                    "version": "1.0"
                  }
                ]
              }
            ],
            "resource_group_name": "rg-university-s4a-image_terraform",
            "routing": [],
            "sas_policy": [],
            "secondary_access_key": "YhcNy6BkRisKYqV6QsPh+jpwQE7i8HYhwHpI2NgL7PjJoQ7d45iqiGhhylClWqfreamvrtSoRvtU+AStf9Litw==",
            "secondary_blob_connection_string": "",
            "secondary_blob_endpoint": null,
            "secondary_blob_host": null,
            "secondary_connection_string": "DefaultEndpointsProtocol=https;AccountName=stsec0bc56606a55823e8ef5;AccountKey=YhcNy6BkRisKYqV6QsPh+jpwQE7i8HYhwHpI2NgL7PjJoQ7d45iqiGhhylClWqfreamvrtSoRvtU+AStf9Litw==;EndpointSuffix=core.windows.net",
            "secondary_dfs_endpoint": null,
            "secondary_dfs_host": null,
            "secondary_file_endpoint": null,
            "secondary_file_host": null,
            "secondary_location": "",
            "secondary_queue_endpoint": null,
            "secondary_queue_host": null,
            "secondary_table_endpoint": null,
            "secondary_table_host": null,
            "secondary_web_endpoint": null,
            "secondary_web_host": null,
            "sftp_enabled": false,
            "share_properties": [
              {
                "cors_rule": [],
                "retention_policy": [
                  {
                    "days": 7
                  }
                ],
                "smb": []
              }
            ],
            "shared_access_key_enabled": true,
            "static_website": [],
            "table_encryption_key_type": "Service",
            "tags": null,
            "timeouts": null
          },
          "sensitive_attributes": [],
          "private": "eyJlMmJmYjczMC1lY2FhLTExZTYtOGY4OC0zNDM2M2JjN2M0YzAiOnsiY3JlYXRlIjozNjAwMDAwMDAwMDAwLCJkZWxldGUiOjM2MDAwMDAwMDAwMDAsInJlYWQiOjMwMDAwMDAwMDAwMCwidXBkYXRlIjozNjAwMDAwMDAwMDAwfSwic2NoZW1hX3ZlcnNpb24iOiI0In0=",
          "dependencies": [
            "azurerm_resource_group.sinequa_rg",
            "module.kv_st_services.azurerm_user_assigned_identity.identity"
          ]
        }
      ]
    },
    {
      "module": "module.kv_st_services",
      "mode": "managed",
      "type": "azurerm_storage_account",
      "name": "sinequa_st_premium",
      "provider": "provider[\"registry.terraform.io/hashicorp/azurerm\"]",
      "instances": [
        {
          "schema_version": 4,
          "attributes": {
            "access_tier": "",
            "account_kind": "BlockBlobStorage",
            "account_replication_type": "LRS",
            "account_tier": "Premium",
            "allow_nested_items_to_be_public": true,
            "allowed_copy_scope": "",
            "azure_files_authentication": [],
            "blob_properties": [
              {
                "change_feed_enabled": false,
                "change_feed_retention_in_days": 0,
                "container_delete_retention_policy": [],
                "cors_rule": [],
                "default_service_version": "",
                "delete_retention_policy": [],
                "last_access_time_enabled": false,
                "restore_policy": [],
                "versioning_enabled": false
              }
            ],
            "cross_tenant_replication_enabled": true,
            "custom_domain": [],
            "customer_managed_key": [],
            "default_to_oauth_authentication": false,
            "edge_zone": "",
            "enable_https_traffic_only": true,
            "id": "/subscriptions/58006b71-9fca-4df3-ae9b-893c6e4267ce/resourceGroups/rg-university-s4a-image_terraform/providers/Microsoft.Storage/storageAccounts/stprim0bc56606a55823e8ef",
            "identity": [],
            "immutability_policy": [],
            "infrastructure_encryption_enabled": false,
            "is_hns_enabled": false,
            "large_file_share_enabled": null,
            "location": "japaneast",
            "min_tls_version": "TLS1_2",
            "name": "stprim0bc56606a55823e8ef",
            "network_rules": [
              {
                "bypass": [
                  "AzureServices"
                ],
                "default_action": "Allow",
                "ip_rules": [],
                "private_link_access": [],
                "virtual_network_subnet_ids": []
              }
            ],
            "nfsv3_enabled": false,
            "primary_access_key": "bqXaf/3822ywvz4qj/k+QAiFG+7KfY93ssIXWltR1yG5TRyfyStJ7bc+bUMKKD9Il3ceXRj7oehE+AStpXENxQ==",
            "primary_blob_connection_string": "DefaultEndpointsProtocol=https;BlobEndpoint=https://stprim0bc56606a55823e8ef.blob.core.windows.net/;AccountName=stprim0bc56606a55823e8ef;AccountKey=bqXaf/3822ywvz4qj/k+QAiFG+7KfY93ssIXWltR1yG5TRyfyStJ7bc+bUMKKD9Il3ceXRj7oehE+AStpXENxQ==",
            "primary_blob_endpoint": "https://stprim0bc56606a55823e8ef.blob.core.windows.net/",
            "primary_blob_host": "stprim0bc56606a55823e8ef.blob.core.windows.net",
            "primary_connection_string": "DefaultEndpointsProtocol=https;AccountName=stprim0bc56606a55823e8ef;AccountKey=bqXaf/3822ywvz4qj/k+QAiFG+7KfY93ssIXWltR1yG5TRyfyStJ7bc+bUMKKD9Il3ceXRj7oehE+AStpXENxQ==;EndpointSuffix=core.windows.net",
            "primary_dfs_endpoint": "https://stprim0bc56606a55823e8ef.dfs.core.windows.net/",
            "primary_dfs_host": "stprim0bc56606a55823e8ef.dfs.core.windows.net",
            "primary_file_endpoint": "",
            "primary_file_host": "",
            "primary_location": "japaneast",
            "primary_queue_endpoint": "",
            "primary_queue_host": "",
            "primary_table_endpoint": "",
            "primary_table_host": "",
            "primary_web_endpoint": "https://stprim0bc56606a55823e8ef.z11.web.core.windows.net/",
            "primary_web_host": "stprim0bc56606a55823e8ef.z11.web.core.windows.net",
            "public_network_access_enabled": true,
            "queue_encryption_key_type": "Service",
            "queue_properties": null,
            "resource_group_name": "rg-university-s4a-image_terraform",
            "routing": [],
            "sas_policy": [],
            "secondary_access_key": "eIbcw2LtlTNg6lqjkZG4sEoSD5skc9Kj6WtEE6mYW2z8iJv2tawlZKOoH7JgrZIPzmzR+GVb2PiK+AStM49qsg==",
            "secondary_blob_connection_string": "",
            "secondary_blob_endpoint": null,
            "secondary_blob_host": null,
            "secondary_connection_string": "DefaultEndpointsProtocol=https;AccountName=stprim0bc56606a55823e8ef;AccountKey=eIbcw2LtlTNg6lqjkZG4sEoSD5skc9Kj6WtEE6mYW2z8iJv2tawlZKOoH7JgrZIPzmzR+GVb2PiK+AStM49qsg==;EndpointSuffix=core.windows.net",
            "secondary_dfs_endpoint": null,
            "secondary_dfs_host": null,
            "secondary_file_endpoint": null,
            "secondary_file_host": null,
            "secondary_location": "",
            "secondary_queue_endpoint": null,
            "secondary_queue_host": null,
            "secondary_table_endpoint": null,
            "secondary_table_host": null,
            "secondary_web_endpoint": null,
            "secondary_web_host": null,
            "sftp_enabled": false,
            "share_properties": null,
            "shared_access_key_enabled": true,
            "static_website": [],
            "table_encryption_key_type": "Service",
            "tags": null,
            "timeouts": null
          },
          "sensitive_attributes": [],
          "private": "eyJlMmJmYjczMC1lY2FhLTExZTYtOGY4OC0zNDM2M2JjN2M0YzAiOnsiY3JlYXRlIjozNjAwMDAwMDAwMDAwLCJkZWxldGUiOjM2MDAwMDAwMDAwMDAsInJlYWQiOjMwMDAwMDAwMDAwMCwidXBkYXRlIjozNjAwMDAwMDAwMDAwfSwic2NoZW1hX3ZlcnNpb24iOiI0In0=",
          "dependencies": [
            "azurerm_resource_group.sinequa_rg",
            "module.kv_st_services.azurerm_user_assigned_identity.identity"
          ]
        }
      ]
    },
    {
      "module": "module.kv_st_services",
      "mode": "managed",
      "type": "azurerm_storage_blob",
      "name": "sinequa-secondary",
      "provider": "provider[\"registry.terraform.io/hashicorp/azurerm\"]",
      "instances": [
        {
          "schema_version": 1,
          "attributes": {
            "access_tier": "",
            "cache_control": "",
            "content_md5": "",
            "content_type": "text/plain",
            "id": "https://stprim0bc56606a55823e8ef.blob.core.windows.net/sinequa/var/sinequa-secondary",
            "metadata": {},
            "name": "var/sinequa-secondary",
            "parallelism": 8,
            "size": 0,
            "source": null,
            "source_content": "https://stsec0bc56606a55823e8ef5.blob.core.windows.net/sinequa",
            "source_uri": null,
            "storage_account_name": "stprim0bc56606a55823e8ef",
            "storage_container_name": "sinequa",
            "timeouts": null,
            "type": "Block",
            "url": "https://stprim0bc56606a55823e8ef.blob.core.windows.net/sinequa/var/sinequa-secondary"
          },
          "sensitive_attributes": [],
          "private": "eyJlMmJmYjczMC1lY2FhLTExZTYtOGY4OC0zNDM2M2JjN2M0YzAiOnsiY3JlYXRlIjoxODAwMDAwMDAwMDAwLCJkZWxldGUiOjE4MDAwMDAwMDAwMDAsInJlYWQiOjMwMDAwMDAwMDAwMCwidXBkYXRlIjoxODAwMDAwMDAwMDAwfSwic2NoZW1hX3ZlcnNpb24iOiIxIn0=",
          "dependencies": [
            "azurerm_resource_group.sinequa_rg",
            "module.kv_st_services.azurerm_storage_account.sinequa_st_premium",
            "module.kv_st_services.azurerm_storage_container.sinequa_st_premium_container",
            "module.kv_st_services.azurerm_user_assigned_identity.identity"
          ]
        }
      ]
    },
    {
      "module": "module.kv_st_services",
      "mode": "managed",
      "type": "azurerm_storage_container",
      "name": "sinequa_st_hot_container",
      "provider": "provider[\"registry.terraform.io/hashicorp/azurerm\"]",
      "instances": [
        {
          "schema_version": 1,
          "attributes": {
            "container_access_type": "private",
            "has_immutability_policy": false,
            "has_legal_hold": false,
            "id": "https://stsec0bc56606a55823e8ef5.blob.core.windows.net/sinequa",
            "metadata": {},
            "name": "sinequa",
            "resource_manager_id": "/subscriptions/58006b71-9fca-4df3-ae9b-893c6e4267ce/resourceGroups/rg-university-s4a-image_terraform/providers/Microsoft.Storage/storageAccounts/stsec0bc56606a55823e8ef5/blobServices/default/containers/sinequa",
            "storage_account_name": "stsec0bc56606a55823e8ef5",
            "timeouts": null
          },
          "sensitive_attributes": [],
          "private": "eyJlMmJmYjczMC1lY2FhLTExZTYtOGY4OC0zNDM2M2JjN2M0YzAiOnsiY3JlYXRlIjoxODAwMDAwMDAwMDAwLCJkZWxldGUiOjE4MDAwMDAwMDAwMDAsInJlYWQiOjMwMDAwMDAwMDAwMCwidXBkYXRlIjoxODAwMDAwMDAwMDAwfSwic2NoZW1hX3ZlcnNpb24iOiIxIn0=",
          "dependencies": [
            "azurerm_resource_group.sinequa_rg",
            "module.kv_st_services.azurerm_storage_account.sinequa_st_hot",
            "module.kv_st_services.azurerm_user_assigned_identity.identity"
          ]
        }
      ]
    },
    {
      "module": "module.kv_st_services",
      "mode": "managed",
      "type": "azurerm_storage_container",
      "name": "sinequa_st_premium_container",
      "provider": "provider[\"registry.terraform.io/hashicorp/azurerm\"]",
      "instances": [
        {
          "schema_version": 1,
          "attributes": {
            "container_access_type": "private",
            "has_immutability_policy": false,
            "has_legal_hold": false,
            "id": "https://stprim0bc56606a55823e8ef.blob.core.windows.net/sinequa",
            "metadata": {},
            "name": "sinequa",
            "resource_manager_id": "/subscriptions/58006b71-9fca-4df3-ae9b-893c6e4267ce/resourceGroups/rg-university-s4a-image_terraform/providers/Microsoft.Storage/storageAccounts/stprim0bc56606a55823e8ef/blobServices/default/containers/sinequa",
            "storage_account_name": "stprim0bc56606a55823e8ef",
            "timeouts": null
          },
          "sensitive_attributes": [],
          "private": "eyJlMmJmYjczMC1lY2FhLTExZTYtOGY4OC0zNDM2M2JjN2M0YzAiOnsiY3JlYXRlIjoxODAwMDAwMDAwMDAwLCJkZWxldGUiOjE4MDAwMDAwMDAwMDAsInJlYWQiOjMwMDAwMDAwMDAwMCwidXBkYXRlIjoxODAwMDAwMDAwMDAwfSwic2NoZW1hX3ZlcnNpb24iOiIxIn0=",
          "dependencies": [
            "azurerm_resource_group.sinequa_rg",
            "module.kv_st_services.azurerm_storage_account.sinequa_st_premium",
            "module.kv_st_services.azurerm_user_assigned_identity.identity"
          ]
        }
      ]
    },
    {
      "module": "module.kv_st_services",
      "mode": "managed",
      "type": "azurerm_user_assigned_identity",
      "name": "identity",
      "provider": "provider[\"registry.terraform.io/hashicorp/azurerm\"]",
      "instances": [
        {
          "schema_version": 1,
          "attributes": {
            "client_id": "b58646a4-6bdc-46e8-a19f-c4ac95fc4a10",
            "id": "/subscriptions/58006b71-9fca-4df3-ae9b-893c6e4267ce/resourceGroups/rg-university-s4a-image_terraform/providers/Microsoft.ManagedIdentity/userAssignedIdentities/id-sq",
            "location": "japaneast",
            "name": "id-sq",
            "principal_id": "366b5721-362a-444c-aae9-8c5fd5ccceb6",
            "resource_group_name": "rg-university-s4a-image_terraform",
            "tags": null,
            "tenant_id": "c2d58a35-9a01-46e1-8519-06daa406d869",
            "timeouts": null
          },
          "sensitive_attributes": [],
          "private": "eyJlMmJmYjczMC1lY2FhLTExZTYtOGY4OC0zNDM2M2JjN2M0YzAiOnsiY3JlYXRlIjoxODAwMDAwMDAwMDAwLCJkZWxldGUiOjE4MDAwMDAwMDAwMDAsInJlYWQiOjMwMDAwMDAwMDAwMCwidXBkYXRlIjoxODAwMDAwMDAwMDAwfSwic2NoZW1hX3ZlcnNpb24iOiIxIn0=",
          "dependencies": [
            "azurerm_resource_group.sinequa_rg"
          ]
        }
      ]
    },
    {
      "module": "module.kv_st_services.module.grid_var[0]",
      "mode": "managed",
      "type": "azurerm_storage_blob",
      "name": "sinequa-keyvault",
      "provider": "provider[\"registry.terraform.io/hashicorp/azurerm\"]",
      "instances": [
        {
          "schema_version": 1,
          "attributes": {
            "access_tier": "",
            "cache_control": "",
            "content_md5": "",
            "content_type": "text/plain",
            "id": "https://stprim0bc56606a55823e8ef.blob.core.windows.net/sinequa/grids/rg-university-s4a-image_terraform/var/sinequa-keyvault",
            "metadata": {},
            "name": "grids/rg-university-s4a-image_terraform/var/sinequa-keyvault",
            "parallelism": 8,
            "size": 0,
            "source": null,
            "source_content": "kv-0bc56606a55823e8ef52d",
            "source_uri": null,
            "storage_account_name": "stprim0bc56606a55823e8ef",
            "storage_container_name": "sinequa",
            "timeouts": null,
            "type": "Block",
            "url": "https://stprim0bc56606a55823e8ef.blob.core.windows.net/sinequa/grids/rg-university-s4a-image_terraform/var/sinequa-keyvault"
          },
          "sensitive_attributes": [],
          "private": "eyJlMmJmYjczMC1lY2FhLTExZTYtOGY4OC0zNDM2M2JjN2M0YzAiOnsiY3JlYXRlIjoxODAwMDAwMDAwMDAwLCJkZWxldGUiOjE4MDAwMDAwMDAwMDAsInJlYWQiOjMwMDAwMDAwMDAwMCwidXBkYXRlIjoxODAwMDAwMDAwMDAwfSwic2NoZW1hX3ZlcnNpb24iOiIxIn0=",
          "dependencies": [
            "azurerm_resource_group.sinequa_rg",
            "module.kv_st_services.azurerm_storage_account.sinequa_st_premium",
            "module.kv_st_services.azurerm_storage_container.sinequa_st_premium_container",
            "module.kv_st_services.azurerm_user_assigned_identity.identity"
          ]
        }
      ]
    },
    {
      "module": "module.kv_st_services.module.grid_var[0]",
      "mode": "managed",
      "type": "azurerm_storage_blob",
      "name": "sinequa-node-aliases",
      "provider": "provider[\"registry.terraform.io/hashicorp/azurerm\"]",
      "instances": [
        {
          "index_key": "node1",
          "schema_version": 1,
          "attributes": {
            "access_tier": "",
            "cache_control": "",
            "content_md5": "",
            "content_type": "text/plain",
            "id": "https://stprim0bc56606a55823e8ef.blob.core.windows.net/sinequa/grids/rg-university-s4a-image_terraform/aliases/node/node1",
            "metadata": {},
            "name": "grids/rg-university-s4a-image_terraform/aliases/node/node1",
            "parallelism": 8,
            "size": 0,
            "source": null,
            "source_content": "vm-node1",
            "source_uri": null,
            "storage_account_name": "stprim0bc56606a55823e8ef",
            "storage_container_name": "sinequa",
            "timeouts": null,
            "type": "Block",
            "url": "https://stprim0bc56606a55823e8ef.blob.core.windows.net/sinequa/grids/rg-university-s4a-image_terraform/aliases/node/node1"
          },
          "sensitive_attributes": [],
          "private": "eyJlMmJmYjczMC1lY2FhLTExZTYtOGY4OC0zNDM2M2JjN2M0YzAiOnsiY3JlYXRlIjoxODAwMDAwMDAwMDAwLCJkZWxldGUiOjE4MDAwMDAwMDAwMDAsInJlYWQiOjMwMDAwMDAwMDAwMCwidXBkYXRlIjoxODAwMDAwMDAwMDAwfSwic2NoZW1hX3ZlcnNpb24iOiIxIn0=",
          "dependencies": [
            "azurerm_resource_group.sinequa_rg",
            "module.kv_st_services.azurerm_storage_account.sinequa_st_premium",
            "module.kv_st_services.azurerm_storage_container.sinequa_st_premium_container",
            "module.kv_st_services.azurerm_user_assigned_identity.identity"
          ]
        },
        {
          "index_key": "node2",
          "schema_version": 1,
          "attributes": {
            "access_tier": "",
            "cache_control": "",
            "content_md5": "",
            "content_type": "text/plain",
            "id": "https://stprim0bc56606a55823e8ef.blob.core.windows.net/sinequa/grids/rg-university-s4a-image_terraform/aliases/node/node2",
            "metadata": {},
            "name": "grids/rg-university-s4a-image_terraform/aliases/node/node2",
            "parallelism": 8,
            "size": 0,
            "source": null,
            "source_content": "vm-node2",
            "source_uri": null,
            "storage_account_name": "stprim0bc56606a55823e8ef",
            "storage_container_name": "sinequa",
            "timeouts": null,
            "type": "Block",
            "url": "https://stprim0bc56606a55823e8ef.blob.core.windows.net/sinequa/grids/rg-university-s4a-image_terraform/aliases/node/node2"
          },
          "sensitive_attributes": [],
          "private": "eyJlMmJmYjczMC1lY2FhLTExZTYtOGY4OC0zNDM2M2JjN2M0YzAiOnsiY3JlYXRlIjoxODAwMDAwMDAwMDAwLCJkZWxldGUiOjE4MDAwMDAwMDAwMDAsInJlYWQiOjMwMDAwMDAwMDAwMCwidXBkYXRlIjoxODAwMDAwMDAwMDAwfSwic2NoZW1hX3ZlcnNpb24iOiIxIn0=",
          "dependencies": [
            "azurerm_resource_group.sinequa_rg",
            "module.kv_st_services.azurerm_storage_account.sinequa_st_premium",
            "module.kv_st_services.azurerm_storage_container.sinequa_st_premium_container",
            "module.kv_st_services.azurerm_user_assigned_identity.identity"
          ]
        },
        {
          "index_key": "node3",
          "schema_version": 1,
          "attributes": {
            "access_tier": "",
            "cache_control": "",
            "content_md5": "",
            "content_type": "text/plain",
            "id": "https://stprim0bc56606a55823e8ef.blob.core.windows.net/sinequa/grids/rg-university-s4a-image_terraform/aliases/node/node3",
            "metadata": {},
            "name": "grids/rg-university-s4a-image_terraform/aliases/node/node3",
            "parallelism": 8,
            "size": 0,
            "source": null,
            "source_content": "vm-node3",
            "source_uri": null,
            "storage_account_name": "stprim0bc56606a55823e8ef",
            "storage_container_name": "sinequa",
            "timeouts": null,
            "type": "Block",
            "url": "https://stprim0bc56606a55823e8ef.blob.core.windows.net/sinequa/grids/rg-university-s4a-image_terraform/aliases/node/node3"
          },
          "sensitive_attributes": [],
          "private": "eyJlMmJmYjczMC1lY2FhLTExZTYtOGY4OC0zNDM2M2JjN2M0YzAiOnsiY3JlYXRlIjoxODAwMDAwMDAwMDAwLCJkZWxldGUiOjE4MDAwMDAwMDAwMDAsInJlYWQiOjMwMDAwMDAwMDAwMCwidXBkYXRlIjoxODAwMDAwMDAwMDAwfSwic2NoZW1hX3ZlcnNpb24iOiIxIn0=",
          "dependencies": [
            "azurerm_resource_group.sinequa_rg",
            "module.kv_st_services.azurerm_storage_account.sinequa_st_premium",
            "module.kv_st_services.azurerm_storage_container.sinequa_st_premium_container",
            "module.kv_st_services.azurerm_user_assigned_identity.identity"
          ]
        }
      ]
    },
    {
      "module": "module.kv_st_services.module.grid_var[0]",
      "mode": "managed",
      "type": "azurerm_storage_blob",
      "name": "sinequa-queuecluster",
      "provider": "provider[\"registry.terraform.io/hashicorp/azurerm\"]",
      "instances": [
        {
          "index_key": 0,
          "schema_version": 1,
          "attributes": {
            "access_tier": "",
            "cache_control": "",
            "content_md5": "",
            "content_type": "text/plain",
            "id": "https://stprim0bc56606a55823e8ef.blob.core.windows.net/sinequa/grids/rg-university-s4a-image_terraform/var/sinequa-queue-cluster",
            "metadata": {},
            "name": "grids/rg-university-s4a-image_terraform/var/sinequa-queue-cluster",
            "parallelism": 8,
            "size": 0,
            "source": null,
            "source_content": "QueueCluster1(vm-node1,vm-node2,vm-node3)",
            "source_uri": null,
            "storage_account_name": "stprim0bc56606a55823e8ef",
            "storage_container_name": "sinequa",
            "timeouts": null,
            "type": "Block",
            "url": "https://stprim0bc56606a55823e8ef.blob.core.windows.net/sinequa/grids/rg-university-s4a-image_terraform/var/sinequa-queue-cluster"
          },
          "sensitive_attributes": [],
          "private": "eyJlMmJmYjczMC1lY2FhLTExZTYtOGY4OC0zNDM2M2JjN2M0YzAiOnsiY3JlYXRlIjoxODAwMDAwMDAwMDAwLCJkZWxldGUiOjE4MDAwMDAwMDAwMDAsInJlYWQiOjMwMDAwMDAwMDAwMCwidXBkYXRlIjoxODAwMDAwMDAwMDAwfSwic2NoZW1hX3ZlcnNpb24iOiIxIn0=",
          "dependencies": [
            "azurerm_resource_group.sinequa_rg",
            "module.kv_st_services.azurerm_storage_account.sinequa_st_premium",
            "module.kv_st_services.azurerm_storage_container.sinequa_st_premium_container",
            "module.kv_st_services.azurerm_user_assigned_identity.identity"
          ]
        }
      ]
    },
    {
      "module": "module.kv_st_services.module.grid_var[0]",
      "mode": "managed",
      "type": "azurerm_storage_blob",
      "name": "sinequa_beta",
      "provider": "provider[\"registry.terraform.io/hashicorp/azurerm\"]",
      "instances": [
        {
          "schema_version": 1,
          "attributes": {
            "access_tier": "",
            "cache_control": "",
            "content_md5": "",
            "content_type": "text/plain",
            "id": "https://stprim0bc56606a55823e8ef.blob.core.windows.net/sinequa/grids/rg-university-s4a-image_terraform/var/sinequa-beta",
            "metadata": {},
            "name": "grids/rg-university-s4a-image_terraform/var/sinequa-beta",
            "parallelism": 8,
            "size": 0,
            "source": null,
            "source_content": "true",
            "source_uri": null,
            "storage_account_name": "stprim0bc56606a55823e8ef",
            "storage_container_name": "sinequa",
            "timeouts": null,
            "type": "Block",
            "url": "https://stprim0bc56606a55823e8ef.blob.core.windows.net/sinequa/grids/rg-university-s4a-image_terraform/var/sinequa-beta"
          },
          "sensitive_attributes": [],
          "private": "eyJlMmJmYjczMC1lY2FhLTExZTYtOGY4OC0zNDM2M2JjN2M0YzAiOnsiY3JlYXRlIjoxODAwMDAwMDAwMDAwLCJkZWxldGUiOjE4MDAwMDAwMDAwMDAsInJlYWQiOjMwMDAwMDAwMDAwMCwidXBkYXRlIjoxODAwMDAwMDAwMDAwfSwic2NoZW1hX3ZlcnNpb24iOiIxIn0=",
          "dependencies": [
            "azurerm_resource_group.sinequa_rg",
            "module.kv_st_services.azurerm_storage_account.sinequa_st_premium",
            "module.kv_st_services.azurerm_storage_container.sinequa_st_premium_container",
            "module.kv_st_services.azurerm_user_assigned_identity.identity"
          ]
        }
      ]
    },
    {
      "module": "module.kv_st_services.module.grid_var[0]",
      "mode": "managed",
      "type": "azurerm_storage_blob",
      "name": "sinequa_primary_nodes",
      "provider": "provider[\"registry.terraform.io/hashicorp/azurerm\"]",
      "instances": [
        {
          "schema_version": 1,
          "attributes": {
            "access_tier": "",
            "cache_control": "",
            "content_md5": "",
            "content_type": "text/plain",
            "id": "https://stprim0bc56606a55823e8ef.blob.core.windows.net/sinequa/grids/rg-university-s4a-image_terraform/var/sinequa-primary-nodes",
            "metadata": {},
            "name": "grids/rg-university-s4a-image_terraform/var/sinequa-primary-nodes",
            "parallelism": 8,
            "size": 0,
            "source": null,
            "source_content": "1=srpc://vm-node1:10301;2=srpc://vm-node2:10301;3=srpc://vm-node3:10301",
            "source_uri": null,
            "storage_account_name": "stprim0bc56606a55823e8ef",
            "storage_container_name": "sinequa",
            "timeouts": null,
            "type": "Block",
            "url": "https://stprim0bc56606a55823e8ef.blob.core.windows.net/sinequa/grids/rg-university-s4a-image_terraform/var/sinequa-primary-nodes"
          },
          "sensitive_attributes": [],
          "private": "eyJlMmJmYjczMC1lY2FhLTExZTYtOGY4OC0zNDM2M2JjN2M0YzAiOnsiY3JlYXRlIjoxODAwMDAwMDAwMDAwLCJkZWxldGUiOjE4MDAwMDAwMDAwMDAsInJlYWQiOjMwMDAwMDAwMDAwMCwidXBkYXRlIjoxODAwMDAwMDAwMDAwfSwic2NoZW1hX3ZlcnNpb24iOiIxIn0=",
          "dependencies": [
            "azurerm_resource_group.sinequa_rg",
            "module.kv_st_services.azurerm_storage_account.sinequa_st_premium",
            "module.kv_st_services.azurerm_storage_container.sinequa_st_premium_container",
            "module.kv_st_services.azurerm_user_assigned_identity.identity"
          ]
        }
      ]
    },
    {
      "module": "module.network",
      "mode": "managed",
      "type": "azurerm_network_security_group",
      "name": "sinequa_nsg_app",
      "provider": "provider[\"registry.terraform.io/hashicorp/azurerm\"]",
      "instances": [
        {
          "schema_version": 0,
          "attributes": {
            "id": "/subscriptions/58006b71-9fca-4df3-ae9b-893c6e4267ce/resourceGroups/rg-university-s4a-image_terraform/providers/Microsoft.Network/networkSecurityGroups/nsg-app",
            "location": "japaneast",
            "name": "nsg-app",
            "resource_group_name": "rg-university-s4a-image_terraform",
            "security_rule": [],
            "tags": null,
            "timeouts": null
          },
          "sensitive_attributes": [],
          "private": "eyJlMmJmYjczMC1lY2FhLTExZTYtOGY4OC0zNDM2M2JjN2M0YzAiOnsiY3JlYXRlIjoxODAwMDAwMDAwMDAwLCJkZWxldGUiOjE4MDAwMDAwMDAwMDAsInJlYWQiOjMwMDAwMDAwMDAwMCwidXBkYXRlIjoxODAwMDAwMDAwMDAwfX0=",
          "dependencies": [
            "azurerm_resource_group.sinequa_rg"
          ]
        }
      ]
    },
    {
      "module": "module.network",
      "mode": "managed",
      "type": "azurerm_network_security_rule",
      "name": "http_on_app",
      "provider": "provider[\"registry.terraform.io/hashicorp/azurerm\"]",
      "instances": [
        {
          "index_key": 0,
          "schema_version": 0,
          "attributes": {
            "access": "Allow",
            "description": "",
            "destination_address_prefix": "*",
            "destination_address_prefixes": null,
            "destination_application_security_group_ids": null,
            "destination_port_range": "80",
            "destination_port_ranges": null,
            "direction": "Inbound",
            "id": "/subscriptions/58006b71-9fca-4df3-ae9b-893c6e4267ce/resourceGroups/rg-university-s4a-image_terraform/providers/Microsoft.Network/networkSecurityGroups/nsg-app/securityRules/http",
            "name": "http",
            "network_security_group_name": "nsg-app",
            "priority": 110,
            "protocol": "Tcp",
            "resource_group_name": "rg-university-s4a-image_terraform",
            "source_address_prefix": "*",
            "source_address_prefixes": null,
            "source_application_security_group_ids": null,
            "source_port_range": "*",
            "source_port_ranges": null,
            "timeouts": null
          },
          "sensitive_attributes": [],
          "private": "eyJlMmJmYjczMC1lY2FhLTExZTYtOGY4OC0zNDM2M2JjN2M0YzAiOnsiY3JlYXRlIjoxODAwMDAwMDAwMDAwLCJkZWxldGUiOjE4MDAwMDAwMDAwMDAsInJlYWQiOjMwMDAwMDAwMDAwMCwidXBkYXRlIjoxODAwMDAwMDAwMDAwfX0=",
          "dependencies": [
            "azurerm_resource_group.sinequa_rg",
            "module.network.azurerm_network_security_group.sinequa_nsg_app"
          ]
        }
      ]
    },
    {
      "module": "module.network",
      "mode": "managed",
      "type": "azurerm_network_security_rule",
      "name": "rdp_on_app",
      "provider": "provider[\"registry.terraform.io/hashicorp/azurerm\"]",
      "instances": [
        {
          "index_key": 0,
          "schema_version": 0,
          "attributes": {
            "access": "Allow",
            "description": "",
            "destination_address_prefix": "*",
            "destination_address_prefixes": null,
            "destination_application_security_group_ids": null,
            "destination_port_range": "3389",
            "destination_port_ranges": null,
            "direction": "Inbound",
            "id": "/subscriptions/58006b71-9fca-4df3-ae9b-893c6e4267ce/resourceGroups/rg-university-s4a-image_terraform/providers/Microsoft.Network/networkSecurityGroups/nsg-app/securityRules/RDP",
            "name": "RDP",
            "network_security_group_name": "nsg-app",
            "priority": 300,
            "protocol": "Tcp",
            "resource_group_name": "rg-university-s4a-image_terraform",
            "source_address_prefix": "*",
            "source_address_prefixes": null,
            "source_application_security_group_ids": null,
            "source_port_range": "*",
            "source_port_ranges": null,
            "timeouts": null
          },
          "sensitive_attributes": [],
          "private": "eyJlMmJmYjczMC1lY2FhLTExZTYtOGY4OC0zNDM2M2JjN2M0YzAiOnsiY3JlYXRlIjoxODAwMDAwMDAwMDAwLCJkZWxldGUiOjE4MDAwMDAwMDAwMDAsInJlYWQiOjMwMDAwMDAwMDAwMCwidXBkYXRlIjoxODAwMDAwMDAwMDAwfX0=",
          "dependencies": [
            "azurerm_resource_group.sinequa_rg",
            "module.network.azurerm_network_security_group.sinequa_nsg_app"
          ]
        }
      ]
    },
    {
      "module": "module.network",
      "mode": "managed",
      "type": "azurerm_subnet",
      "name": "subnet_app",
      "provider": "provider[\"registry.terraform.io/hashicorp/azurerm\"]",
      "instances": [
        {
          "schema_version": 0,
          "attributes": {
            "address_prefixes": [
              "10.3.1.0/24"
            ],
            "delegation": [],
            "enforce_private_link_endpoint_network_policies": false,
            "enforce_private_link_service_network_policies": false,
            "id": "/subscriptions/58006b71-9fca-4df3-ae9b-893c6e4267ce/resourceGroups/rg-university-s4a-image_terraform/providers/Microsoft.Network/virtualNetworks/vnet/subnets/snet-app",
            "name": "snet-app",
            "private_endpoint_network_policies_enabled": true,
            "private_link_service_network_policies_enabled": true,
            "resource_group_name": "rg-university-s4a-image_terraform",
            "service_endpoint_policy_ids": null,
            "service_endpoints": null,
            "timeouts": null,
            "virtual_network_name": "vnet"
          },
          "sensitive_attributes": [],
          "private": "eyJlMmJmYjczMC1lY2FhLTExZTYtOGY4OC0zNDM2M2JjN2M0YzAiOnsiY3JlYXRlIjoxODAwMDAwMDAwMDAwLCJkZWxldGUiOjE4MDAwMDAwMDAwMDAsInJlYWQiOjMwMDAwMDAwMDAwMCwidXBkYXRlIjoxODAwMDAwMDAwMDAwfX0=",
          "dependencies": [
            "azurerm_resource_group.sinequa_rg",
            "module.network.azurerm_virtual_network.sinequa_vnet"
          ]
        }
      ]
    },
    {
      "module": "module.network",
      "mode": "managed",
      "type": "azurerm_subnet_network_security_group_association",
      "name": "sinequa_subnet_nsg_app",
      "provider": "provider[\"registry.terraform.io/hashicorp/azurerm\"]",
      "instances": [
        {
          "schema_version": 0,
          "attributes": {
            "id": "/subscriptions/58006b71-9fca-4df3-ae9b-893c6e4267ce/resourceGroups/rg-university-s4a-image_terraform/providers/Microsoft.Network/virtualNetworks/vnet/subnets/snet-app",
            "network_security_group_id": "/subscriptions/58006b71-9fca-4df3-ae9b-893c6e4267ce/resourceGroups/rg-university-s4a-image_terraform/providers/Microsoft.Network/networkSecurityGroups/nsg-app",
            "subnet_id": "/subscriptions/58006b71-9fca-4df3-ae9b-893c6e4267ce/resourceGroups/rg-university-s4a-image_terraform/providers/Microsoft.Network/virtualNetworks/vnet/subnets/snet-app",
            "timeouts": null
          },
          "sensitive_attributes": [],
          "private": "eyJlMmJmYjczMC1lY2FhLTExZTYtOGY4OC0zNDM2M2JjN2M0YzAiOnsiY3JlYXRlIjoxODAwMDAwMDAwMDAwLCJkZWxldGUiOjE4MDAwMDAwMDAwMDAsInJlYWQiOjMwMDAwMDAwMDAwMCwidXBkYXRlIjoxODAwMDAwMDAwMDAwfX0=",
          "dependencies": [
            "azurerm_resource_group.sinequa_rg",
            "module.network.azurerm_network_security_group.sinequa_nsg_app",
            "module.network.azurerm_subnet.subnet_app",
            "module.network.azurerm_virtual_network.sinequa_vnet"
          ]
        }
      ]
    },
    {
      "module": "module.network",
      "mode": "managed",
      "type": "azurerm_virtual_network",
      "name": "sinequa_vnet",
      "provider": "provider[\"registry.terraform.io/hashicorp/azurerm\"]",
      "instances": [
        {
          "schema_version": 0,
          "attributes": {
            "address_space": [
              "10.3.0.0/16"
            ],
            "bgp_community": "",
            "ddos_protection_plan": [],
            "dns_servers": [],
            "edge_zone": "",
            "encryption": [],
            "flow_timeout_in_minutes": 0,
            "guid": "ccfe9bc4-0123-4aac-94fd-8da981b9f14f",
            "id": "/subscriptions/58006b71-9fca-4df3-ae9b-893c6e4267ce/resourceGroups/rg-university-s4a-image_terraform/providers/Microsoft.Network/virtualNetworks/vnet",
            "location": "japaneast",
            "name": "vnet",
            "resource_group_name": "rg-university-s4a-image_terraform",
            "subnet": [],
            "tags": null,
            "timeouts": null
          },
          "sensitive_attributes": [],
          "private": "eyJlMmJmYjczMC1lY2FhLTExZTYtOGY4OC0zNDM2M2JjN2M0YzAiOnsiY3JlYXRlIjoxODAwMDAwMDAwMDAwLCJkZWxldGUiOjE4MDAwMDAwMDAwMDAsInJlYWQiOjMwMDAwMDAwMDAwMCwidXBkYXRlIjoxODAwMDAwMDAwMDAwfX0=",
          "dependencies": [
            "azurerm_resource_group.sinequa_rg"
          ]
        }
      ]
    },
    {
      "module": "module.vm-primary-node1",
      "mode": "managed",
      "type": "azurerm_managed_disk",
      "name": "sinequa_vm_datadisk",
      "provider": "provider[\"registry.terraform.io/hashicorp/azurerm\"]",
      "instances": [
        {
          "index_key": 0,
          "schema_version": 1,
          "attributes": {
            "create_option": "Empty",
            "disk_access_id": "",
            "disk_encryption_set_id": "",
            "disk_iops_read_only": 0,
            "disk_iops_read_write": 500,
            "disk_mbps_read_only": 0,
            "disk_mbps_read_write": 100,
            "disk_size_gb": 100,
            "edge_zone": "",
            "encryption_settings": [],
            "gallery_image_reference_id": "",
            "hyper_v_generation": "",
            "id": "/subscriptions/58006b71-9fca-4df3-ae9b-893c6e4267ce/resourceGroups/rg-university-s4a-image_terraform/providers/Microsoft.Compute/disks/datadisk-vm-node1",
            "image_reference_id": "",
            "location": "japaneast",
            "logical_sector_size": null,
            "max_shares": 0,
            "name": "datadisk-vm-node1",
            "network_access_policy": null,
            "on_demand_bursting_enabled": false,
            "os_type": "",
            "public_network_access_enabled": true,
            "resource_group_name": "rg-university-s4a-image_terraform",
            "secure_vm_disk_encryption_set_id": "",
            "security_type": "",
            "source_resource_id": "",
            "source_uri": "",
            "storage_account_id": "",
            "storage_account_type": "Premium_LRS",
            "tags": {
              "sinequa-auto-disk": "auto",
              "sinequa-data-storage-url": "https://stprim0bc56606a55823e8ef.blob.core.windows.net/sinequa/grids/rg-university-s4a-image_terraform/",
              "sinequa-engine": "engine1",
              "sinequa-node": "vm-node1",
              "sinequa-path": "C:\\sinequa",
              "sinequa-primary-node-id": "1",
              "sinequa-webapp": "webApp1",
              "sinequa-webapp-fw-port": "80"
            },
            "tier": "P10",
            "timeouts": null,
            "trusted_launch_enabled": false,
            "upload_size_bytes": 0,
            "zone": ""
          },
          "sensitive_attributes": [],
          "private": "eyJlMmJmYjczMC1lY2FhLTExZTYtOGY4OC0zNDM2M2JjN2M0YzAiOnsiY3JlYXRlIjoxODAwMDAwMDAwMDAwLCJkZWxldGUiOjE4MDAwMDAwMDAwMDAsInJlYWQiOjMwMDAwMDAwMDAwMCwidXBkYXRlIjoxODAwMDAwMDAwMDAwfSwic2NoZW1hX3ZlcnNpb24iOiIxIn0=",
          "dependencies": [
            "azurerm_resource_group.sinequa_rg",
            "module.kv_st_services.azurerm_key_vault.sinequa_kv",
            "module.kv_st_services.azurerm_key_vault_secret.sinequa_authentication_secret",
            "module.kv_st_services.azurerm_key_vault_secret.sinequa_kv_default_admin_password",
            "module.kv_st_services.azurerm_key_vault_secret.sinequa_kv_secret_password",
            "module.kv_st_services.azurerm_key_vault_secret.sinequa_kv_secret_sinequa_license",
            "module.kv_st_services.azurerm_role_assignment.sinequa_kv_role_for_id",
            "module.kv_st_services.azurerm_role_assignment.sinequa_kv_role_for_me",
            "module.kv_st_services.azurerm_role_assignment.sinequa_st_hot_role_id",
            "module.kv_st_services.azurerm_role_assignment.sinequa_st_premium_role_id",
            "module.kv_st_services.azurerm_storage_account.sinequa_st_hot",
            "module.kv_st_services.azurerm_storage_account.sinequa_st_premium",
            "module.kv_st_services.azurerm_storage_blob.sinequa-secondary",
            "module.kv_st_services.azurerm_storage_container.sinequa_st_hot_container",
            "module.kv_st_services.azurerm_storage_container.sinequa_st_premium_container",
            "module.kv_st_services.azurerm_user_assigned_identity.identity",
            "module.kv_st_services.data.azurerm_client_config.current",
            "module.kv_st_services.module.grid_var.azurerm_storage_blob.sinequa-engine-aliases",
            "module.kv_st_services.module.grid_var.azurerm_storage_blob.sinequa-enginelist-aliases",
            "module.kv_st_services.module.grid_var.azurerm_storage_blob.sinequa-indexer-aliases",
            "module.kv_st_services.module.grid_var.azurerm_storage_blob.sinequa-indexerlist-aliases",
            "module.kv_st_services.module.grid_var.azurerm_storage_blob.sinequa-keyvault",
            "module.kv_st_services.module.grid_var.azurerm_storage_blob.sinequa-node-aliases",
            "module.kv_st_services.module.grid_var.azurerm_storage_blob.sinequa-nodelist-aliases",
            "module.kv_st_services.module.grid_var.azurerm_storage_blob.sinequa-queuecluster",
            "module.kv_st_services.module.grid_var.azurerm_storage_blob.sinequa-version",
            "module.kv_st_services.module.grid_var.azurerm_storage_blob.sinequa_authentication_enabled",
            "module.kv_st_services.module.grid_var.azurerm_storage_blob.sinequa_beta",
            "module.kv_st_services.module.grid_var.azurerm_storage_blob.sinequa_primary_nodes",
            "module.network.azurerm_network_security_group.sinequa_nsg_app",
            "module.network.azurerm_network_security_group.sinequa_nsg_front",
            "module.network.azurerm_network_security_rule.http_on_app",
            "module.network.azurerm_network_security_rule.rdp_on_app",
            "module.network.azurerm_subnet.subnet_app",
            "module.network.azurerm_subnet.subnet_front",
            "module.network.azurerm_subnet_network_security_group_association.sinequa_subnet_nsg_app",
            "module.network.azurerm_subnet_network_security_group_association.sinequa_subnet_nsg_front",
            "module.network.azurerm_virtual_network.sinequa_vnet",
            "random_password.passwd",
            "random_password.sq_passwd"
          ]
        }
      ]
    },
    {
      "module": "module.vm-primary-node1",
      "mode": "managed",
      "type": "azurerm_network_interface",
      "name": "sinequa_vm_nic",
      "provider": "provider[\"registry.terraform.io/hashicorp/azurerm\"]",
      "instances": [
        {
          "schema_version": 0,
          "attributes": {
            "applied_dns_servers": [],
            "dns_servers": [],
            "edge_zone": "",
            "enable_accelerated_networking": false,
            "enable_ip_forwarding": false,
            "id": "/subscriptions/58006b71-9fca-4df3-ae9b-893c6e4267ce/resourceGroups/rg-university-s4a-image_terraform/providers/Microsoft.Network/networkInterfaces/nic-vm-node1",
            "internal_dns_name_label": "",
            "internal_domain_name_suffix": "ysn53tbdagwevfh3rwuydoprjh.lx.internal.cloudapp.net",
            "ip_configuration": [
              {
                "gateway_load_balancer_frontend_ip_configuration_id": "",
                "name": "ipconfig",
                "primary": true,
                "private_ip_address": "10.3.1.6",
                "private_ip_address_allocation": "Dynamic",
                "private_ip_address_version": "IPv4",
                "public_ip_address_id": "/subscriptions/58006b71-9fca-4df3-ae9b-893c6e4267ce/resourceGroups/rg-university-s4a-image_terraform/providers/Microsoft.Network/publicIPAddresses/pip-vm-node1",
                "subnet_id": "/subscriptions/58006b71-9fca-4df3-ae9b-893c6e4267ce/resourceGroups/rg-university-s4a-image_terraform/providers/Microsoft.Network/virtualNetworks/vnet/subnets/snet-app"
              }
            ],
            "location": "japaneast",
            "mac_address": "",
            "name": "nic-vm-node1",
            "private_ip_address": "10.3.1.6",
            "private_ip_addresses": [
              "10.3.1.6"
            ],
            "resource_group_name": "rg-university-s4a-image_terraform",
            "tags": {
              "sinequa-auto-disk": "auto",
              "sinequa-data-storage-url": "https://stprim0bc56606a55823e8ef.blob.core.windows.net/sinequa/grids/rg-university-s4a-image_terraform/",
              "sinequa-engine": "engine1",
              "sinequa-node": "vm-node1",
              "sinequa-path": "C:\\sinequa",
              "sinequa-primary-node-id": "1",
              "sinequa-webapp": "webApp1",
              "sinequa-webapp-fw-port": "80"
            },
            "timeouts": null,
            "virtual_machine_id": ""
          },
          "sensitive_attributes": [
            [
              {
                "type": "get_attr",
                "value": "ip_configuration"
              },
              {
                "type": "index",
                "value": {
                  "value": 0,
                  "type": "number"
                }
              },
              {
                "type": "get_attr",
                "value": "subnet_id"
              }
            ]
          ],
          "private": "eyJlMmJmYjczMC1lY2FhLTExZTYtOGY4OC0zNDM2M2JjN2M0YzAiOnsiY3JlYXRlIjoxODAwMDAwMDAwMDAwLCJkZWxldGUiOjE4MDAwMDAwMDAwMDAsInJlYWQiOjMwMDAwMDAwMDAwMCwidXBkYXRlIjoxODAwMDAwMDAwMDAwfX0=",
          "dependencies": [
            "azurerm_resource_group.sinequa_rg",
            "module.kv_st_services.azurerm_key_vault.sinequa_kv",
            "module.kv_st_services.azurerm_key_vault_secret.sinequa_authentication_secret",
            "module.kv_st_services.azurerm_key_vault_secret.sinequa_kv_default_admin_password",
            "module.kv_st_services.azurerm_key_vault_secret.sinequa_kv_secret_password",
            "module.kv_st_services.azurerm_key_vault_secret.sinequa_kv_secret_sinequa_license",
            "module.kv_st_services.azurerm_role_assignment.sinequa_kv_role_for_id",
            "module.kv_st_services.azurerm_role_assignment.sinequa_kv_role_for_me",
            "module.kv_st_services.azurerm_role_assignment.sinequa_st_hot_role_id",
            "module.kv_st_services.azurerm_role_assignment.sinequa_st_premium_role_id",
            "module.kv_st_services.azurerm_storage_account.sinequa_st_hot",
            "module.kv_st_services.azurerm_storage_account.sinequa_st_premium",
            "module.kv_st_services.azurerm_storage_blob.sinequa-secondary",
            "module.kv_st_services.azurerm_storage_container.sinequa_st_hot_container",
            "module.kv_st_services.azurerm_storage_container.sinequa_st_premium_container",
            "module.kv_st_services.azurerm_user_assigned_identity.identity",
            "module.kv_st_services.data.azurerm_client_config.current",
            "module.kv_st_services.module.grid_var.azurerm_storage_blob.sinequa-engine-aliases",
            "module.kv_st_services.module.grid_var.azurerm_storage_blob.sinequa-enginelist-aliases",
            "module.kv_st_services.module.grid_var.azurerm_storage_blob.sinequa-indexer-aliases",
            "module.kv_st_services.module.grid_var.azurerm_storage_blob.sinequa-indexerlist-aliases",
            "module.kv_st_services.module.grid_var.azurerm_storage_blob.sinequa-keyvault",
            "module.kv_st_services.module.grid_var.azurerm_storage_blob.sinequa-node-aliases",
            "module.kv_st_services.module.grid_var.azurerm_storage_blob.sinequa-nodelist-aliases",
            "module.kv_st_services.module.grid_var.azurerm_storage_blob.sinequa-queuecluster",
            "module.kv_st_services.module.grid_var.azurerm_storage_blob.sinequa-version",
            "module.kv_st_services.module.grid_var.azurerm_storage_blob.sinequa_authentication_enabled",
            "module.kv_st_services.module.grid_var.azurerm_storage_blob.sinequa_beta",
            "module.kv_st_services.module.grid_var.azurerm_storage_blob.sinequa_primary_nodes",
            "module.network.azurerm_network_security_group.sinequa_nsg_app",
            "module.network.azurerm_network_security_group.sinequa_nsg_front",
            "module.network.azurerm_network_security_rule.http_on_app",
            "module.network.azurerm_network_security_rule.rdp_on_app",
            "module.network.azurerm_subnet.subnet_app",
            "module.network.azurerm_subnet.subnet_front",
            "module.network.azurerm_subnet_network_security_group_association.sinequa_subnet_nsg_app",
            "module.network.azurerm_subnet_network_security_group_association.sinequa_subnet_nsg_front",
            "module.network.azurerm_virtual_network.sinequa_vnet",
            "module.vm-primary-node1.azurerm_public_ip.sinequa_vm_pip",
            "random_password.passwd",
            "random_password.sq_passwd"
          ]
        }
      ]
    },
    {
      "module": "module.vm-primary-node1",
      "mode": "managed",
      "type": "azurerm_network_interface_security_group_association",
      "name": "sinequa_nic_nsg",
      "provider": "provider[\"registry.terraform.io/hashicorp/azurerm\"]",
      "instances": [
        {
          "schema_version": 0,
          "attributes": {
            "id": "/subscriptions/58006b71-9fca-4df3-ae9b-893c6e4267ce/resourceGroups/rg-university-s4a-image_terraform/providers/Microsoft.Network/networkInterfaces/nic-vm-node1|/subscriptions/58006b71-9fca-4df3-ae9b-893c6e4267ce/resourceGroups/rg-university-s4a-image_terraform/providers/Microsoft.Network/networkSecurityGroups/nsg-app",
            "network_interface_id": "/subscriptions/58006b71-9fca-4df3-ae9b-893c6e4267ce/resourceGroups/rg-university-s4a-image_terraform/providers/Microsoft.Network/networkInterfaces/nic-vm-node1",
            "network_security_group_id": "/subscriptions/58006b71-9fca-4df3-ae9b-893c6e4267ce/resourceGroups/rg-university-s4a-image_terraform/providers/Microsoft.Network/networkSecurityGroups/nsg-app",
            "timeouts": null
          },
          "sensitive_attributes": [
            [
              {
                "type": "get_attr",
                "value": "network_security_group_id"
              }
            ]
          ],
          "private": "eyJlMmJmYjczMC1lY2FhLTExZTYtOGY4OC0zNDM2M2JjN2M0YzAiOnsiY3JlYXRlIjoxODAwMDAwMDAwMDAwLCJkZWxldGUiOjE4MDAwMDAwMDAwMDAsInJlYWQiOjMwMDAwMDAwMDAwMCwidXBkYXRlIjoxODAwMDAwMDAwMDAwfX0=",
          "dependencies": [
            "azurerm_resource_group.sinequa_rg",
            "module.kv_st_services.azurerm_key_vault.sinequa_kv",
            "module.kv_st_services.azurerm_key_vault_secret.sinequa_authentication_secret",
            "module.kv_st_services.azurerm_key_vault_secret.sinequa_kv_default_admin_password",
            "module.kv_st_services.azurerm_key_vault_secret.sinequa_kv_secret_password",
            "module.kv_st_services.azurerm_key_vault_secret.sinequa_kv_secret_sinequa_license",
            "module.kv_st_services.azurerm_role_assignment.sinequa_kv_role_for_id",
            "module.kv_st_services.azurerm_role_assignment.sinequa_kv_role_for_me",
            "module.kv_st_services.azurerm_role_assignment.sinequa_st_hot_role_id",
            "module.kv_st_services.azurerm_role_assignment.sinequa_st_premium_role_id",
            "module.kv_st_services.azurerm_storage_account.sinequa_st_hot",
            "module.kv_st_services.azurerm_storage_account.sinequa_st_premium",
            "module.kv_st_services.azurerm_storage_blob.sinequa-secondary",
            "module.kv_st_services.azurerm_storage_container.sinequa_st_hot_container",
            "module.kv_st_services.azurerm_storage_container.sinequa_st_premium_container",
            "module.kv_st_services.azurerm_user_assigned_identity.identity",
            "module.kv_st_services.data.azurerm_client_config.current",
            "module.kv_st_services.module.grid_var.azurerm_storage_blob.sinequa-engine-aliases",
            "module.kv_st_services.module.grid_var.azurerm_storage_blob.sinequa-enginelist-aliases",
            "module.kv_st_services.module.grid_var.azurerm_storage_blob.sinequa-indexer-aliases",
            "module.kv_st_services.module.grid_var.azurerm_storage_blob.sinequa-indexerlist-aliases",
            "module.kv_st_services.module.grid_var.azurerm_storage_blob.sinequa-keyvault",
            "module.kv_st_services.module.grid_var.azurerm_storage_blob.sinequa-node-aliases",
            "module.kv_st_services.module.grid_var.azurerm_storage_blob.sinequa-nodelist-aliases",
            "module.kv_st_services.module.grid_var.azurerm_storage_blob.sinequa-queuecluster",
            "module.kv_st_services.module.grid_var.azurerm_storage_blob.sinequa-version",
            "module.kv_st_services.module.grid_var.azurerm_storage_blob.sinequa_authentication_enabled",
            "module.kv_st_services.module.grid_var.azurerm_storage_blob.sinequa_beta",
            "module.kv_st_services.module.grid_var.azurerm_storage_blob.sinequa_primary_nodes",
            "module.network.azurerm_network_security_group.sinequa_nsg_app",
            "module.network.azurerm_network_security_group.sinequa_nsg_front",
            "module.network.azurerm_network_security_rule.http_on_app",
            "module.network.azurerm_network_security_rule.rdp_on_app",
            "module.network.azurerm_subnet.subnet_app",
            "module.network.azurerm_subnet.subnet_front",
            "module.network.azurerm_subnet_network_security_group_association.sinequa_subnet_nsg_app",
            "module.network.azurerm_subnet_network_security_group_association.sinequa_subnet_nsg_front",
            "module.network.azurerm_virtual_network.sinequa_vnet",
            "module.vm-primary-node1.azurerm_network_interface.sinequa_vm_nic",
            "module.vm-primary-node1.azurerm_public_ip.sinequa_vm_pip",
            "random_password.passwd",
            "random_password.sq_passwd"
          ]
        }
      ]
    },
    {
      "module": "module.vm-primary-node1",
      "mode": "managed",
      "type": "azurerm_public_ip",
      "name": "sinequa_vm_pip",
      "provider": "provider[\"registry.terraform.io/hashicorp/azurerm\"]",
      "instances": [
        {
          "index_key": 0,
          "schema_version": 0,
          "attributes": {
            "allocation_method": "Dynamic",
            "ddos_protection_mode": "VirtualNetworkInherited",
            "ddos_protection_plan_id": null,
            "domain_name_label": null,
            "edge_zone": "",
            "fqdn": null,
            "id": "/subscriptions/58006b71-9fca-4df3-ae9b-893c6e4267ce/resourceGroups/rg-university-s4a-image_terraform/providers/Microsoft.Network/publicIPAddresses/pip-vm-node1",
            "idle_timeout_in_minutes": 4,
            "ip_address": "",
            "ip_tags": null,
            "ip_version": "IPv4",
            "location": "japaneast",
            "name": "pip-vm-node1",
            "public_ip_prefix_id": null,
            "resource_group_name": "rg-university-s4a-image_terraform",
            "reverse_fqdn": null,
            "sku": "Basic",
            "sku_tier": "Regional",
            "tags": {
              "sinequa-auto-disk": "auto",
              "sinequa-data-storage-url": "https://stprim0bc56606a55823e8ef.blob.core.windows.net/sinequa/grids/rg-university-s4a-image_terraform/",
              "sinequa-engine": "engine1",
              "sinequa-node": "vm-node1",
              "sinequa-path": "C:\\sinequa",
              "sinequa-primary-node-id": "1",
              "sinequa-webapp": "webApp1",
              "sinequa-webapp-fw-port": "80"
            },
            "timeouts": null,
            "zones": null
          },
          "sensitive_attributes": [],
          "private": "eyJlMmJmYjczMC1lY2FhLTExZTYtOGY4OC0zNDM2M2JjN2M0YzAiOnsiY3JlYXRlIjoxODAwMDAwMDAwMDAwLCJkZWxldGUiOjE4MDAwMDAwMDAwMDAsInJlYWQiOjMwMDAwMDAwMDAwMCwidXBkYXRlIjoxODAwMDAwMDAwMDAwfX0=",
          "dependencies": [
            "azurerm_resource_group.sinequa_rg",
            "module.kv_st_services.azurerm_key_vault.sinequa_kv",
            "module.kv_st_services.azurerm_key_vault_secret.sinequa_authentication_secret",
            "module.kv_st_services.azurerm_key_vault_secret.sinequa_kv_default_admin_password",
            "module.kv_st_services.azurerm_key_vault_secret.sinequa_kv_secret_password",
            "module.kv_st_services.azurerm_key_vault_secret.sinequa_kv_secret_sinequa_license",
            "module.kv_st_services.azurerm_role_assignment.sinequa_kv_role_for_id",
            "module.kv_st_services.azurerm_role_assignment.sinequa_kv_role_for_me",
            "module.kv_st_services.azurerm_role_assignment.sinequa_st_hot_role_id",
            "module.kv_st_services.azurerm_role_assignment.sinequa_st_premium_role_id",
            "module.kv_st_services.azurerm_storage_account.sinequa_st_hot",
            "module.kv_st_services.azurerm_storage_account.sinequa_st_premium",
            "module.kv_st_services.azurerm_storage_blob.sinequa-secondary",
            "module.kv_st_services.azurerm_storage_container.sinequa_st_hot_container",
            "module.kv_st_services.azurerm_storage_container.sinequa_st_premium_container",
            "module.kv_st_services.azurerm_user_assigned_identity.identity",
            "module.kv_st_services.data.azurerm_client_config.current",
            "module.kv_st_services.module.grid_var.azurerm_storage_blob.sinequa-engine-aliases",
            "module.kv_st_services.module.grid_var.azurerm_storage_blob.sinequa-enginelist-aliases",
            "module.kv_st_services.module.grid_var.azurerm_storage_blob.sinequa-indexer-aliases",
            "module.kv_st_services.module.grid_var.azurerm_storage_blob.sinequa-indexerlist-aliases",
            "module.kv_st_services.module.grid_var.azurerm_storage_blob.sinequa-keyvault",
            "module.kv_st_services.module.grid_var.azurerm_storage_blob.sinequa-node-aliases",
            "module.kv_st_services.module.grid_var.azurerm_storage_blob.sinequa-nodelist-aliases",
            "module.kv_st_services.module.grid_var.azurerm_storage_blob.sinequa-queuecluster",
            "module.kv_st_services.module.grid_var.azurerm_storage_blob.sinequa-version",
            "module.kv_st_services.module.grid_var.azurerm_storage_blob.sinequa_authentication_enabled",
            "module.kv_st_services.module.grid_var.azurerm_storage_blob.sinequa_beta",
            "module.kv_st_services.module.grid_var.azurerm_storage_blob.sinequa_primary_nodes",
            "module.network.azurerm_network_security_group.sinequa_nsg_app",
            "module.network.azurerm_network_security_group.sinequa_nsg_front",
            "module.network.azurerm_network_security_rule.http_on_app",
            "module.network.azurerm_network_security_rule.rdp_on_app",
            "module.network.azurerm_subnet.subnet_app",
            "module.network.azurerm_subnet.subnet_front",
            "module.network.azurerm_subnet_network_security_group_association.sinequa_subnet_nsg_app",
            "module.network.azurerm_subnet_network_security_group_association.sinequa_subnet_nsg_front",
            "module.network.azurerm_virtual_network.sinequa_vnet",
            "random_password.passwd",
            "random_password.sq_passwd"
          ]
        }
      ]
    },
    {
      "module": "module.vm-primary-node1",
      "mode": "managed",
      "type": "azurerm_virtual_machine",
      "name": "sinequa_vm",
      "provider": "provider[\"registry.terraform.io/hashicorp/azurerm\"]",
      "instances": [
        {
          "schema_version": 0,
          "attributes": {
            "additional_capabilities": [],
            "availability_set_id": null,
            "boot_diagnostics": [],
            "delete_data_disks_on_termination": false,
            "delete_os_disk_on_termination": true,
            "id": "/subscriptions/58006b71-9fca-4df3-ae9b-893c6e4267ce/resourceGroups/rg-university-s4a-image_terraform/providers/Microsoft.Compute/virtualMachines/vm-node1",
            "identity": [
              {
                "identity_ids": [
                  "/subscriptions/58006b71-9fca-4df3-ae9b-893c6e4267ce/resourceGroups/rg-university-s4a-image_terraform/providers/Microsoft.ManagedIdentity/userAssignedIdentities/id-sq"
                ],
                "principal_id": "",
                "type": "UserAssigned"
              }
            ],
            "license_type": null,
            "location": "japaneast",
            "name": "vm-node1",
            "network_interface_ids": [
              "/subscriptions/58006b71-9fca-4df3-ae9b-893c6e4267ce/resourceGroups/rg-university-s4a-image_terraform/providers/Microsoft.Network/networkInterfaces/nic-vm-node1"
            ],
            "os_profile": [
              {
                "admin_password": "",
                "admin_username": "sinequa",
                "computer_name": "vm-node1",
                "custom_data": ""
              }
            ],
            "os_profile_linux_config": [],
            "os_profile_secrets": [],
            "os_profile_windows_config": [
              {
                "additional_unattend_config": [],
                "enable_automatic_upgrades": false,
                "provision_vm_agent": true,
                "timezone": "W. Europe Standard Time",
                "winrm": []
              }
            ],
            "plan": [],
            "primary_network_interface_id": null,
            "proximity_placement_group_id": null,
            "resource_group_name": "rg-university-s4a-image_terraform",
            "storage_data_disk": [],
            "storage_image_reference": [
              {
                "id": "/subscriptions/58006b71-9fca-4df3-ae9b-893c6e4267ce/resourceGroups/rg-university-s4a-image/providers/Microsoft.Compute/images/sinequa-11.10.0.2065",
                "offer": "",
                "publisher": "",
                "sku": "",
                "version": ""
              }
            ],
            "storage_os_disk": [
              {
                "caching": "ReadWrite",
                "create_option": "FromImage",
                "disk_size_gb": 64,
                "image_uri": "",
                "managed_disk_id": "/subscriptions/58006b71-9fca-4df3-ae9b-893c6e4267ce/resourceGroups/rg-university-s4a-image_terraform/providers/Microsoft.Compute/disks/osdisk-vm-node1",
                "managed_disk_type": "Standard_LRS",
                "name": "osdisk-vm-node1",
                "os_type": "Windows",
                "vhd_uri": "",
                "write_accelerator_enabled": false
              }
            ],
            "tags": {
              "sinequa-auto-disk": "auto",
              "sinequa-data-storage-url": "https://stprim0bc56606a55823e8ef.blob.core.windows.net/sinequa/grids/rg-university-s4a-image_terraform/",
              "sinequa-engine": "engine1",
              "sinequa-node": "vm-node1",
              "sinequa-path": "C:\\sinequa",
              "sinequa-primary-node-id": "1",
              "sinequa-webapp": "webApp1",
              "sinequa-webapp-fw-port": "80"
            },
            "timeouts": null,
            "vm_size": "Standard_B1ms",
            "zones": null
          },
          "sensitive_attributes": [
            [
              {
                "type": "get_attr",
                "value": "identity"
              },
              {
                "type": "index",
                "value": {
                  "value": 0,
                  "type": "number"
                }
              },
              {
                "type": "get_attr",
                "value": "identity_ids"
              },
              {
                "type": "index",
                "value": {
                  "value": 0,
                  "type": "number"
                }
              }
            ],
            [
              {
                "type": "get_attr",
                "value": "os_profile"
              }
            ]
          ],
          "private": "eyJlMmJmYjczMC1lY2FhLTExZTYtOGY4OC0zNDM2M2JjN2M0YzAiOnsiY3JlYXRlIjozNjAwMDAwMDAwMDAwLCJkZWxldGUiOjM2MDAwMDAwMDAwMDAsInJlYWQiOjMwMDAwMDAwMDAwMCwidXBkYXRlIjozNjAwMDAwMDAwMDAwfX0=",
          "dependencies": [
            "azurerm_resource_group.sinequa_rg",
            "module.kv_st_services.azurerm_key_vault.sinequa_kv",
            "module.kv_st_services.azurerm_key_vault_secret.sinequa_authentication_secret",
            "module.kv_st_services.azurerm_key_vault_secret.sinequa_kv_default_admin_password",
            "module.kv_st_services.azurerm_key_vault_secret.sinequa_kv_secret_password",
            "module.kv_st_services.azurerm_key_vault_secret.sinequa_kv_secret_sinequa_license",
            "module.kv_st_services.azurerm_role_assignment.sinequa_kv_role_for_id",
            "module.kv_st_services.azurerm_role_assignment.sinequa_kv_role_for_me",
            "module.kv_st_services.azurerm_role_assignment.sinequa_st_hot_role_id",
            "module.kv_st_services.azurerm_role_assignment.sinequa_st_premium_role_id",
            "module.kv_st_services.azurerm_storage_account.sinequa_st_hot",
            "module.kv_st_services.azurerm_storage_account.sinequa_st_premium",
            "module.kv_st_services.azurerm_storage_blob.sinequa-secondary",
            "module.kv_st_services.azurerm_storage_container.sinequa_st_hot_container",
            "module.kv_st_services.azurerm_storage_container.sinequa_st_premium_container",
            "module.kv_st_services.azurerm_user_assigned_identity.identity",
            "module.kv_st_services.data.azurerm_client_config.current",
            "module.kv_st_services.module.grid_var.azurerm_storage_blob.sinequa-engine-aliases",
            "module.kv_st_services.module.grid_var.azurerm_storage_blob.sinequa-enginelist-aliases",
            "module.kv_st_services.module.grid_var.azurerm_storage_blob.sinequa-indexer-aliases",
            "module.kv_st_services.module.grid_var.azurerm_storage_blob.sinequa-indexerlist-aliases",
            "module.kv_st_services.module.grid_var.azurerm_storage_blob.sinequa-keyvault",
            "module.kv_st_services.module.grid_var.azurerm_storage_blob.sinequa-node-aliases",
            "module.kv_st_services.module.grid_var.azurerm_storage_blob.sinequa-nodelist-aliases",
            "module.kv_st_services.module.grid_var.azurerm_storage_blob.sinequa-queuecluster",
            "module.kv_st_services.module.grid_var.azurerm_storage_blob.sinequa-version",
            "module.kv_st_services.module.grid_var.azurerm_storage_blob.sinequa_authentication_enabled",
            "module.kv_st_services.module.grid_var.azurerm_storage_blob.sinequa_beta",
            "module.kv_st_services.module.grid_var.azurerm_storage_blob.sinequa_primary_nodes",
            "module.network.azurerm_network_security_group.sinequa_nsg_app",
            "module.network.azurerm_network_security_group.sinequa_nsg_front",
            "module.network.azurerm_network_security_rule.http_on_app",
            "module.network.azurerm_network_security_rule.rdp_on_app",
            "module.network.azurerm_subnet.subnet_app",
            "module.network.azurerm_subnet.subnet_front",
            "module.network.azurerm_subnet_network_security_group_association.sinequa_subnet_nsg_app",
            "module.network.azurerm_subnet_network_security_group_association.sinequa_subnet_nsg_front",
            "module.network.azurerm_virtual_network.sinequa_vnet",
            "module.vm-primary-node1.azurerm_network_interface.sinequa_vm_nic",
            "module.vm-primary-node1.azurerm_public_ip.sinequa_vm_pip",
            "random_password.passwd",
            "random_password.sq_passwd"
          ]
        }
      ]
    },
    {
      "module": "module.vm-primary-node1",
      "mode": "managed",
      "type": "azurerm_virtual_machine_data_disk_attachment",
      "name": "sinequa_vm_datadisk_attach",
      "provider": "provider[\"registry.terraform.io/hashicorp/azurerm\"]",
      "instances": [
        {
          "index_key": 0,
          "schema_version": 0,
          "attributes": {
            "caching": "ReadOnly",
            "create_option": "Attach",
            "id": "/subscriptions/58006b71-9fca-4df3-ae9b-893c6e4267ce/resourceGroups/rg-university-s4a-image_terraform/providers/Microsoft.Compute/virtualMachines/vm-node1/dataDisks/datadisk-vm-node1",
            "lun": 0,
            "managed_disk_id": "/subscriptions/58006b71-9fca-4df3-ae9b-893c6e4267ce/resourceGroups/rg-university-s4a-image_terraform/providers/Microsoft.Compute/disks/datadisk-vm-node1",
            "timeouts": null,
            "virtual_machine_id": "/subscriptions/58006b71-9fca-4df3-ae9b-893c6e4267ce/resourceGroups/rg-university-s4a-image_terraform/providers/Microsoft.Compute/virtualMachines/vm-node1",
            "write_accelerator_enabled": false
          },
          "sensitive_attributes": [],
          "private": "eyJlMmJmYjczMC1lY2FhLTExZTYtOGY4OC0zNDM2M2JjN2M0YzAiOnsiY3JlYXRlIjoxODAwMDAwMDAwMDAwLCJkZWxldGUiOjE4MDAwMDAwMDAwMDAsInJlYWQiOjMwMDAwMDAwMDAwMCwidXBkYXRlIjoxODAwMDAwMDAwMDAwfX0=",
          "dependencies": [
            "azurerm_resource_group.sinequa_rg",
            "module.kv_st_services.azurerm_key_vault.sinequa_kv",
            "module.kv_st_services.azurerm_key_vault_secret.sinequa_authentication_secret",
            "module.kv_st_services.azurerm_key_vault_secret.sinequa_kv_default_admin_password",
            "module.kv_st_services.azurerm_key_vault_secret.sinequa_kv_secret_password",
            "module.kv_st_services.azurerm_key_vault_secret.sinequa_kv_secret_sinequa_license",
            "module.kv_st_services.azurerm_role_assignment.sinequa_kv_role_for_id",
            "module.kv_st_services.azurerm_role_assignment.sinequa_kv_role_for_me",
            "module.kv_st_services.azurerm_role_assignment.sinequa_st_hot_role_id",
            "module.kv_st_services.azurerm_role_assignment.sinequa_st_premium_role_id",
            "module.kv_st_services.azurerm_storage_account.sinequa_st_hot",
            "module.kv_st_services.azurerm_storage_account.sinequa_st_premium",
            "module.kv_st_services.azurerm_storage_blob.sinequa-secondary",
            "module.kv_st_services.azurerm_storage_container.sinequa_st_hot_container",
            "module.kv_st_services.azurerm_storage_container.sinequa_st_premium_container",
            "module.kv_st_services.azurerm_user_assigned_identity.identity",
            "module.kv_st_services.data.azurerm_client_config.current",
            "module.kv_st_services.module.grid_var.azurerm_storage_blob.sinequa-engine-aliases",
            "module.kv_st_services.module.grid_var.azurerm_storage_blob.sinequa-enginelist-aliases",
            "module.kv_st_services.module.grid_var.azurerm_storage_blob.sinequa-indexer-aliases",
            "module.kv_st_services.module.grid_var.azurerm_storage_blob.sinequa-indexerlist-aliases",
            "module.kv_st_services.module.grid_var.azurerm_storage_blob.sinequa-keyvault",
            "module.kv_st_services.module.grid_var.azurerm_storage_blob.sinequa-node-aliases",
            "module.kv_st_services.module.grid_var.azurerm_storage_blob.sinequa-nodelist-aliases",
            "module.kv_st_services.module.grid_var.azurerm_storage_blob.sinequa-queuecluster",
            "module.kv_st_services.module.grid_var.azurerm_storage_blob.sinequa-version",
            "module.kv_st_services.module.grid_var.azurerm_storage_blob.sinequa_authentication_enabled",
            "module.kv_st_services.module.grid_var.azurerm_storage_blob.sinequa_beta",
            "module.kv_st_services.module.grid_var.azurerm_storage_blob.sinequa_primary_nodes",
            "module.network.azurerm_network_security_group.sinequa_nsg_app",
            "module.network.azurerm_network_security_group.sinequa_nsg_front",
            "module.network.azurerm_network_security_rule.http_on_app",
            "module.network.azurerm_network_security_rule.rdp_on_app",
            "module.network.azurerm_subnet.subnet_app",
            "module.network.azurerm_subnet.subnet_front",
            "module.network.azurerm_subnet_network_security_group_association.sinequa_subnet_nsg_app",
            "module.network.azurerm_subnet_network_security_group_association.sinequa_subnet_nsg_front",
            "module.network.azurerm_virtual_network.sinequa_vnet",
            "module.vm-primary-node1.azurerm_managed_disk.sinequa_vm_datadisk",
            "module.vm-primary-node1.azurerm_network_interface.sinequa_vm_nic",
            "module.vm-primary-node1.azurerm_public_ip.sinequa_vm_pip",
            "module.vm-primary-node1.azurerm_virtual_machine.sinequa_vm",
            "random_password.passwd",
            "random_password.sq_passwd"
          ]
        }
      ]
    },
    {
      "module": "module.vm-primary-node2",
      "mode": "managed",
      "type": "azurerm_managed_disk",
      "name": "sinequa_vm_datadisk",
      "provider": "provider[\"registry.terraform.io/hashicorp/azurerm\"]",
      "instances": [
        {
          "index_key": 0,
          "schema_version": 1,
          "attributes": {
            "create_option": "Empty",
            "disk_access_id": "",
            "disk_encryption_set_id": "",
            "disk_iops_read_only": 0,
            "disk_iops_read_write": 500,
            "disk_mbps_read_only": 0,
            "disk_mbps_read_write": 100,
            "disk_size_gb": 100,
            "edge_zone": "",
            "encryption_settings": [],
            "gallery_image_reference_id": "",
            "hyper_v_generation": "",
            "id": "/subscriptions/58006b71-9fca-4df3-ae9b-893c6e4267ce/resourceGroups/rg-university-s4a-image_terraform/providers/Microsoft.Compute/disks/datadisk-vm-node2",
            "image_reference_id": "",
            "location": "japaneast",
            "logical_sector_size": null,
            "max_shares": 0,
            "name": "datadisk-vm-node2",
            "network_access_policy": null,
            "on_demand_bursting_enabled": false,
            "os_type": "",
            "public_network_access_enabled": true,
            "resource_group_name": "rg-university-s4a-image_terraform",
            "secure_vm_disk_encryption_set_id": "",
            "security_type": "",
            "source_resource_id": "",
            "source_uri": "",
            "storage_account_id": "",
            "storage_account_type": "Premium_LRS",
            "tags": {
              "sinequa-auto-disk": "auto",
              "sinequa-data-storage-url": "https://stprim0bc56606a55823e8ef.blob.core.windows.net/sinequa/grids/rg-university-s4a-image_terraform/",
              "sinequa-engine": "engine2",
              "sinequa-node": "vm-node2",
              "sinequa-path": "C:\\sinequa",
              "sinequa-primary-node-id": "2",
              "sinequa-webapp": "webApp2",
              "sinequa-webapp-fw-port": "80"
            },
            "tier": "P10",
            "timeouts": null,
            "trusted_launch_enabled": false,
            "upload_size_bytes": 0,
            "zone": ""
          },
          "sensitive_attributes": [],
          "private": "eyJlMmJmYjczMC1lY2FhLTExZTYtOGY4OC0zNDM2M2JjN2M0YzAiOnsiY3JlYXRlIjoxODAwMDAwMDAwMDAwLCJkZWxldGUiOjE4MDAwMDAwMDAwMDAsInJlYWQiOjMwMDAwMDAwMDAwMCwidXBkYXRlIjoxODAwMDAwMDAwMDAwfSwic2NoZW1hX3ZlcnNpb24iOiIxIn0=",
          "dependencies": [
            "azurerm_resource_group.sinequa_rg",
            "module.kv_st_services.azurerm_key_vault.sinequa_kv",
            "module.kv_st_services.azurerm_key_vault_secret.sinequa_authentication_secret",
            "module.kv_st_services.azurerm_key_vault_secret.sinequa_kv_default_admin_password",
            "module.kv_st_services.azurerm_key_vault_secret.sinequa_kv_secret_password",
            "module.kv_st_services.azurerm_key_vault_secret.sinequa_kv_secret_sinequa_license",
            "module.kv_st_services.azurerm_role_assignment.sinequa_kv_role_for_id",
            "module.kv_st_services.azurerm_role_assignment.sinequa_kv_role_for_me",
            "module.kv_st_services.azurerm_role_assignment.sinequa_st_hot_role_id",
            "module.kv_st_services.azurerm_role_assignment.sinequa_st_premium_role_id",
            "module.kv_st_services.azurerm_storage_account.sinequa_st_hot",
            "module.kv_st_services.azurerm_storage_account.sinequa_st_premium",
            "module.kv_st_services.azurerm_storage_blob.sinequa-secondary",
            "module.kv_st_services.azurerm_storage_container.sinequa_st_hot_container",
            "module.kv_st_services.azurerm_storage_container.sinequa_st_premium_container",
            "module.kv_st_services.azurerm_user_assigned_identity.identity",
            "module.kv_st_services.data.azurerm_client_config.current",
            "module.kv_st_services.module.grid_var.azurerm_storage_blob.sinequa-engine-aliases",
            "module.kv_st_services.module.grid_var.azurerm_storage_blob.sinequa-enginelist-aliases",
            "module.kv_st_services.module.grid_var.azurerm_storage_blob.sinequa-indexer-aliases",
            "module.kv_st_services.module.grid_var.azurerm_storage_blob.sinequa-indexerlist-aliases",
            "module.kv_st_services.module.grid_var.azurerm_storage_blob.sinequa-keyvault",
            "module.kv_st_services.module.grid_var.azurerm_storage_blob.sinequa-node-aliases",
            "module.kv_st_services.module.grid_var.azurerm_storage_blob.sinequa-nodelist-aliases",
            "module.kv_st_services.module.grid_var.azurerm_storage_blob.sinequa-queuecluster",
            "module.kv_st_services.module.grid_var.azurerm_storage_blob.sinequa-version",
            "module.kv_st_services.module.grid_var.azurerm_storage_blob.sinequa_authentication_enabled",
            "module.kv_st_services.module.grid_var.azurerm_storage_blob.sinequa_beta",
            "module.kv_st_services.module.grid_var.azurerm_storage_blob.sinequa_primary_nodes",
            "module.network.azurerm_network_security_group.sinequa_nsg_app",
            "module.network.azurerm_network_security_group.sinequa_nsg_front",
            "module.network.azurerm_network_security_rule.http_on_app",
            "module.network.azurerm_network_security_rule.rdp_on_app",
            "module.network.azurerm_subnet.subnet_app",
            "module.network.azurerm_subnet.subnet_front",
            "module.network.azurerm_subnet_network_security_group_association.sinequa_subnet_nsg_app",
            "module.network.azurerm_subnet_network_security_group_association.sinequa_subnet_nsg_front",
            "module.network.azurerm_virtual_network.sinequa_vnet",
            "random_password.passwd",
            "random_password.sq_passwd"
          ]
        }
      ]
    },
    {
      "module": "module.vm-primary-node2",
      "mode": "managed",
      "type": "azurerm_network_interface",
      "name": "sinequa_vm_nic",
      "provider": "provider[\"registry.terraform.io/hashicorp/azurerm\"]",
      "instances": [
        {
          "schema_version": 0,
          "attributes": {
            "applied_dns_servers": [],
            "dns_servers": [],
            "edge_zone": "",
            "enable_accelerated_networking": false,
            "enable_ip_forwarding": false,
            "id": "/subscriptions/58006b71-9fca-4df3-ae9b-893c6e4267ce/resourceGroups/rg-university-s4a-image_terraform/providers/Microsoft.Network/networkInterfaces/nic-vm-node2",
            "internal_dns_name_label": "",
            "internal_domain_name_suffix": "ysn53tbdagwevfh3rwuydoprjh.lx.internal.cloudapp.net",
            "ip_configuration": [
              {
                "gateway_load_balancer_frontend_ip_configuration_id": "",
                "name": "ipconfig",
                "primary": true,
                "private_ip_address": "10.3.1.5",
                "private_ip_address_allocation": "Dynamic",
                "private_ip_address_version": "IPv4",
                "public_ip_address_id": "",
                "subnet_id": "/subscriptions/58006b71-9fca-4df3-ae9b-893c6e4267ce/resourceGroups/rg-university-s4a-image_terraform/providers/Microsoft.Network/virtualNetworks/vnet/subnets/snet-app"
              }
            ],
            "location": "japaneast",
            "mac_address": "",
            "name": "nic-vm-node2",
            "private_ip_address": "10.3.1.5",
            "private_ip_addresses": [
              "10.3.1.5"
            ],
            "resource_group_name": "rg-university-s4a-image_terraform",
            "tags": {
              "sinequa-auto-disk": "auto",
              "sinequa-data-storage-url": "https://stprim0bc56606a55823e8ef.blob.core.windows.net/sinequa/grids/rg-university-s4a-image_terraform/",
              "sinequa-engine": "engine2",
              "sinequa-node": "vm-node2",
              "sinequa-path": "C:\\sinequa",
              "sinequa-primary-node-id": "2",
              "sinequa-webapp": "webApp2",
              "sinequa-webapp-fw-port": "80"
            },
            "timeouts": null,
            "virtual_machine_id": ""
          },
          "sensitive_attributes": [
            [
              {
                "type": "get_attr",
                "value": "ip_configuration"
              },
              {
                "type": "index",
                "value": {
                  "value": 0,
                  "type": "number"
                }
              },
              {
                "type": "get_attr",
                "value": "subnet_id"
              }
            ]
          ],
          "private": "eyJlMmJmYjczMC1lY2FhLTExZTYtOGY4OC0zNDM2M2JjN2M0YzAiOnsiY3JlYXRlIjoxODAwMDAwMDAwMDAwLCJkZWxldGUiOjE4MDAwMDAwMDAwMDAsInJlYWQiOjMwMDAwMDAwMDAwMCwidXBkYXRlIjoxODAwMDAwMDAwMDAwfX0=",
          "dependencies": [
            "azurerm_resource_group.sinequa_rg",
            "module.kv_st_services.azurerm_key_vault.sinequa_kv",
            "module.kv_st_services.azurerm_key_vault_secret.sinequa_authentication_secret",
            "module.kv_st_services.azurerm_key_vault_secret.sinequa_kv_default_admin_password",
            "module.kv_st_services.azurerm_key_vault_secret.sinequa_kv_secret_password",
            "module.kv_st_services.azurerm_key_vault_secret.sinequa_kv_secret_sinequa_license",
            "module.kv_st_services.azurerm_role_assignment.sinequa_kv_role_for_id",
            "module.kv_st_services.azurerm_role_assignment.sinequa_kv_role_for_me",
            "module.kv_st_services.azurerm_role_assignment.sinequa_st_hot_role_id",
            "module.kv_st_services.azurerm_role_assignment.sinequa_st_premium_role_id",
            "module.kv_st_services.azurerm_storage_account.sinequa_st_hot",
            "module.kv_st_services.azurerm_storage_account.sinequa_st_premium",
            "module.kv_st_services.azurerm_storage_blob.sinequa-secondary",
            "module.kv_st_services.azurerm_storage_container.sinequa_st_hot_container",
            "module.kv_st_services.azurerm_storage_container.sinequa_st_premium_container",
            "module.kv_st_services.azurerm_user_assigned_identity.identity",
            "module.kv_st_services.data.azurerm_client_config.current",
            "module.kv_st_services.module.grid_var.azurerm_storage_blob.sinequa-engine-aliases",
            "module.kv_st_services.module.grid_var.azurerm_storage_blob.sinequa-enginelist-aliases",
            "module.kv_st_services.module.grid_var.azurerm_storage_blob.sinequa-indexer-aliases",
            "module.kv_st_services.module.grid_var.azurerm_storage_blob.sinequa-indexerlist-aliases",
            "module.kv_st_services.module.grid_var.azurerm_storage_blob.sinequa-keyvault",
            "module.kv_st_services.module.grid_var.azurerm_storage_blob.sinequa-node-aliases",
            "module.kv_st_services.module.grid_var.azurerm_storage_blob.sinequa-nodelist-aliases",
            "module.kv_st_services.module.grid_var.azurerm_storage_blob.sinequa-queuecluster",
            "module.kv_st_services.module.grid_var.azurerm_storage_blob.sinequa-version",
            "module.kv_st_services.module.grid_var.azurerm_storage_blob.sinequa_authentication_enabled",
            "module.kv_st_services.module.grid_var.azurerm_storage_blob.sinequa_beta",
            "module.kv_st_services.module.grid_var.azurerm_storage_blob.sinequa_primary_nodes",
            "module.network.azurerm_network_security_group.sinequa_nsg_app",
            "module.network.azurerm_network_security_group.sinequa_nsg_front",
            "module.network.azurerm_network_security_rule.http_on_app",
            "module.network.azurerm_network_security_rule.rdp_on_app",
            "module.network.azurerm_subnet.subnet_app",
            "module.network.azurerm_subnet.subnet_front",
            "module.network.azurerm_subnet_network_security_group_association.sinequa_subnet_nsg_app",
            "module.network.azurerm_subnet_network_security_group_association.sinequa_subnet_nsg_front",
            "module.network.azurerm_virtual_network.sinequa_vnet",
            "module.vm-primary-node2.azurerm_public_ip.sinequa_vm_pip",
            "random_password.passwd",
            "random_password.sq_passwd"
          ]
        }
      ]
    },
    {
      "module": "module.vm-primary-node2",
      "mode": "managed",
      "type": "azurerm_network_interface_security_group_association",
      "name": "sinequa_nic_nsg",
      "provider": "provider[\"registry.terraform.io/hashicorp/azurerm\"]",
      "instances": [
        {
          "schema_version": 0,
          "attributes": {
            "id": "/subscriptions/58006b71-9fca-4df3-ae9b-893c6e4267ce/resourceGroups/rg-university-s4a-image_terraform/providers/Microsoft.Network/networkInterfaces/nic-vm-node2|/subscriptions/58006b71-9fca-4df3-ae9b-893c6e4267ce/resourceGroups/rg-university-s4a-image_terraform/providers/Microsoft.Network/networkSecurityGroups/nsg-app",
            "network_interface_id": "/subscriptions/58006b71-9fca-4df3-ae9b-893c6e4267ce/resourceGroups/rg-university-s4a-image_terraform/providers/Microsoft.Network/networkInterfaces/nic-vm-node2",
            "network_security_group_id": "/subscriptions/58006b71-9fca-4df3-ae9b-893c6e4267ce/resourceGroups/rg-university-s4a-image_terraform/providers/Microsoft.Network/networkSecurityGroups/nsg-app",
            "timeouts": null
          },
          "sensitive_attributes": [
            [
              {
                "type": "get_attr",
                "value": "network_security_group_id"
              }
            ]
          ],
          "private": "eyJlMmJmYjczMC1lY2FhLTExZTYtOGY4OC0zNDM2M2JjN2M0YzAiOnsiY3JlYXRlIjoxODAwMDAwMDAwMDAwLCJkZWxldGUiOjE4MDAwMDAwMDAwMDAsInJlYWQiOjMwMDAwMDAwMDAwMCwidXBkYXRlIjoxODAwMDAwMDAwMDAwfX0=",
          "dependencies": [
            "azurerm_resource_group.sinequa_rg",
            "module.kv_st_services.azurerm_key_vault.sinequa_kv",
            "module.kv_st_services.azurerm_key_vault_secret.sinequa_authentication_secret",
            "module.kv_st_services.azurerm_key_vault_secret.sinequa_kv_default_admin_password",
            "module.kv_st_services.azurerm_key_vault_secret.sinequa_kv_secret_password",
            "module.kv_st_services.azurerm_key_vault_secret.sinequa_kv_secret_sinequa_license",
            "module.kv_st_services.azurerm_role_assignment.sinequa_kv_role_for_id",
            "module.kv_st_services.azurerm_role_assignment.sinequa_kv_role_for_me",
            "module.kv_st_services.azurerm_role_assignment.sinequa_st_hot_role_id",
            "module.kv_st_services.azurerm_role_assignment.sinequa_st_premium_role_id",
            "module.kv_st_services.azurerm_storage_account.sinequa_st_hot",
            "module.kv_st_services.azurerm_storage_account.sinequa_st_premium",
            "module.kv_st_services.azurerm_storage_blob.sinequa-secondary",
            "module.kv_st_services.azurerm_storage_container.sinequa_st_hot_container",
            "module.kv_st_services.azurerm_storage_container.sinequa_st_premium_container",
            "module.kv_st_services.azurerm_user_assigned_identity.identity",
            "module.kv_st_services.data.azurerm_client_config.current",
            "module.kv_st_services.module.grid_var.azurerm_storage_blob.sinequa-engine-aliases",
            "module.kv_st_services.module.grid_var.azurerm_storage_blob.sinequa-enginelist-aliases",
            "module.kv_st_services.module.grid_var.azurerm_storage_blob.sinequa-indexer-aliases",
            "module.kv_st_services.module.grid_var.azurerm_storage_blob.sinequa-indexerlist-aliases",
            "module.kv_st_services.module.grid_var.azurerm_storage_blob.sinequa-keyvault",
            "module.kv_st_services.module.grid_var.azurerm_storage_blob.sinequa-node-aliases",
            "module.kv_st_services.module.grid_var.azurerm_storage_blob.sinequa-nodelist-aliases",
            "module.kv_st_services.module.grid_var.azurerm_storage_blob.sinequa-queuecluster",
            "module.kv_st_services.module.grid_var.azurerm_storage_blob.sinequa-version",
            "module.kv_st_services.module.grid_var.azurerm_storage_blob.sinequa_authentication_enabled",
            "module.kv_st_services.module.grid_var.azurerm_storage_blob.sinequa_beta",
            "module.kv_st_services.module.grid_var.azurerm_storage_blob.sinequa_primary_nodes",
            "module.network.azurerm_network_security_group.sinequa_nsg_app",
            "module.network.azurerm_network_security_group.sinequa_nsg_front",
            "module.network.azurerm_network_security_rule.http_on_app",
            "module.network.azurerm_network_security_rule.rdp_on_app",
            "module.network.azurerm_subnet.subnet_app",
            "module.network.azurerm_subnet.subnet_front",
            "module.network.azurerm_subnet_network_security_group_association.sinequa_subnet_nsg_app",
            "module.network.azurerm_subnet_network_security_group_association.sinequa_subnet_nsg_front",
            "module.network.azurerm_virtual_network.sinequa_vnet",
            "module.vm-primary-node2.azurerm_network_interface.sinequa_vm_nic",
            "module.vm-primary-node2.azurerm_public_ip.sinequa_vm_pip",
            "random_password.passwd",
            "random_password.sq_passwd"
          ]
        }
      ]
    },
    {
      "module": "module.vm-primary-node2",
      "mode": "managed",
      "type": "azurerm_virtual_machine",
      "name": "sinequa_vm",
      "provider": "provider[\"registry.terraform.io/hashicorp/azurerm\"]",
      "instances": [
        {
          "schema_version": 0,
          "attributes": {
            "additional_capabilities": [],
            "availability_set_id": null,
            "boot_diagnostics": [],
            "delete_data_disks_on_termination": false,
            "delete_os_disk_on_termination": true,
            "id": "/subscriptions/58006b71-9fca-4df3-ae9b-893c6e4267ce/resourceGroups/rg-university-s4a-image_terraform/providers/Microsoft.Compute/virtualMachines/vm-node2",
            "identity": [
              {
                "identity_ids": [
                  "/subscriptions/58006b71-9fca-4df3-ae9b-893c6e4267ce/resourceGroups/rg-university-s4a-image_terraform/providers/Microsoft.ManagedIdentity/userAssignedIdentities/id-sq"
                ],
                "principal_id": "",
                "type": "UserAssigned"
              }
            ],
            "license_type": null,
            "location": "japaneast",
            "name": "vm-node2",
            "network_interface_ids": [
              "/subscriptions/58006b71-9fca-4df3-ae9b-893c6e4267ce/resourceGroups/rg-university-s4a-image_terraform/providers/Microsoft.Network/networkInterfaces/nic-vm-node2"
            ],
            "os_profile": [
              {
                "admin_password": "",
                "admin_username": "sinequa",
                "computer_name": "vm-node2",
                "custom_data": ""
              }
            ],
            "os_profile_linux_config": [],
            "os_profile_secrets": [],
            "os_profile_windows_config": [
              {
                "additional_unattend_config": [],
                "enable_automatic_upgrades": false,
                "provision_vm_agent": true,
                "timezone": "W. Europe Standard Time",
                "winrm": []
              }
            ],
            "plan": [],
            "primary_network_interface_id": null,
            "proximity_placement_group_id": null,
            "resource_group_name": "rg-university-s4a-image_terraform",
            "storage_data_disk": [],
            "storage_image_reference": [
              {
                "id": "/subscriptions/58006b71-9fca-4df3-ae9b-893c6e4267ce/resourceGroups/rg-university-s4a-image/providers/Microsoft.Compute/images/sinequa-11.10.0.2065",
                "offer": "",
                "publisher": "",
                "sku": "",
                "version": ""
              }
            ],
            "storage_os_disk": [
              {
                "caching": "ReadWrite",
                "create_option": "FromImage",
                "disk_size_gb": 64,
                "image_uri": "",
                "managed_disk_id": "/subscriptions/58006b71-9fca-4df3-ae9b-893c6e4267ce/resourceGroups/rg-university-s4a-image_terraform/providers/Microsoft.Compute/disks/osdisk-vm-node2",
                "managed_disk_type": "Standard_LRS",
                "name": "osdisk-vm-node2",
                "os_type": "Windows",
                "vhd_uri": "",
                "write_accelerator_enabled": false
              }
            ],
            "tags": {
              "sinequa-auto-disk": "auto",
              "sinequa-data-storage-url": "https://stprim0bc56606a55823e8ef.blob.core.windows.net/sinequa/grids/rg-university-s4a-image_terraform/",
              "sinequa-engine": "engine2",
              "sinequa-node": "vm-node2",
              "sinequa-path": "C:\\sinequa",
              "sinequa-primary-node-id": "2",
              "sinequa-webapp": "webApp2",
              "sinequa-webapp-fw-port": "80"
            },
            "timeouts": null,
            "vm_size": "Standard_B1ms",
            "zones": null
          },
          "sensitive_attributes": [
            [
              {
                "type": "get_attr",
                "value": "identity"
              },
              {
                "type": "index",
                "value": {
                  "value": 0,
                  "type": "number"
                }
              },
              {
                "type": "get_attr",
                "value": "identity_ids"
              },
              {
                "type": "index",
                "value": {
                  "value": 0,
                  "type": "number"
                }
              }
            ],
            [
              {
                "type": "get_attr",
                "value": "os_profile"
              }
            ]
          ],
          "private": "eyJlMmJmYjczMC1lY2FhLTExZTYtOGY4OC0zNDM2M2JjN2M0YzAiOnsiY3JlYXRlIjozNjAwMDAwMDAwMDAwLCJkZWxldGUiOjM2MDAwMDAwMDAwMDAsInJlYWQiOjMwMDAwMDAwMDAwMCwidXBkYXRlIjozNjAwMDAwMDAwMDAwfX0=",
          "dependencies": [
            "azurerm_resource_group.sinequa_rg",
            "module.kv_st_services.azurerm_key_vault.sinequa_kv",
            "module.kv_st_services.azurerm_key_vault_secret.sinequa_authentication_secret",
            "module.kv_st_services.azurerm_key_vault_secret.sinequa_kv_default_admin_password",
            "module.kv_st_services.azurerm_key_vault_secret.sinequa_kv_secret_password",
            "module.kv_st_services.azurerm_key_vault_secret.sinequa_kv_secret_sinequa_license",
            "module.kv_st_services.azurerm_role_assignment.sinequa_kv_role_for_id",
            "module.kv_st_services.azurerm_role_assignment.sinequa_kv_role_for_me",
            "module.kv_st_services.azurerm_role_assignment.sinequa_st_hot_role_id",
            "module.kv_st_services.azurerm_role_assignment.sinequa_st_premium_role_id",
            "module.kv_st_services.azurerm_storage_account.sinequa_st_hot",
            "module.kv_st_services.azurerm_storage_account.sinequa_st_premium",
            "module.kv_st_services.azurerm_storage_blob.sinequa-secondary",
            "module.kv_st_services.azurerm_storage_container.sinequa_st_hot_container",
            "module.kv_st_services.azurerm_storage_container.sinequa_st_premium_container",
            "module.kv_st_services.azurerm_user_assigned_identity.identity",
            "module.kv_st_services.data.azurerm_client_config.current",
            "module.kv_st_services.module.grid_var.azurerm_storage_blob.sinequa-engine-aliases",
            "module.kv_st_services.module.grid_var.azurerm_storage_blob.sinequa-enginelist-aliases",
            "module.kv_st_services.module.grid_var.azurerm_storage_blob.sinequa-indexer-aliases",
            "module.kv_st_services.module.grid_var.azurerm_storage_blob.sinequa-indexerlist-aliases",
            "module.kv_st_services.module.grid_var.azurerm_storage_blob.sinequa-keyvault",
            "module.kv_st_services.module.grid_var.azurerm_storage_blob.sinequa-node-aliases",
            "module.kv_st_services.module.grid_var.azurerm_storage_blob.sinequa-nodelist-aliases",
            "module.kv_st_services.module.grid_var.azurerm_storage_blob.sinequa-queuecluster",
            "module.kv_st_services.module.grid_var.azurerm_storage_blob.sinequa-version",
            "module.kv_st_services.module.grid_var.azurerm_storage_blob.sinequa_authentication_enabled",
            "module.kv_st_services.module.grid_var.azurerm_storage_blob.sinequa_beta",
            "module.kv_st_services.module.grid_var.azurerm_storage_blob.sinequa_primary_nodes",
            "module.network.azurerm_network_security_group.sinequa_nsg_app",
            "module.network.azurerm_network_security_group.sinequa_nsg_front",
            "module.network.azurerm_network_security_rule.http_on_app",
            "module.network.azurerm_network_security_rule.rdp_on_app",
            "module.network.azurerm_subnet.subnet_app",
            "module.network.azurerm_subnet.subnet_front",
            "module.network.azurerm_subnet_network_security_group_association.sinequa_subnet_nsg_app",
            "module.network.azurerm_subnet_network_security_group_association.sinequa_subnet_nsg_front",
            "module.network.azurerm_virtual_network.sinequa_vnet",
            "module.vm-primary-node2.azurerm_network_interface.sinequa_vm_nic",
            "module.vm-primary-node2.azurerm_public_ip.sinequa_vm_pip",
            "random_password.passwd",
            "random_password.sq_passwd"
          ]
        }
      ]
    },
    {
      "module": "module.vm-primary-node2",
      "mode": "managed",
      "type": "azurerm_virtual_machine_data_disk_attachment",
      "name": "sinequa_vm_datadisk_attach",
      "provider": "provider[\"registry.terraform.io/hashicorp/azurerm\"]",
      "instances": [
        {
          "index_key": 0,
          "schema_version": 0,
          "attributes": {
            "caching": "ReadOnly",
            "create_option": "Attach",
            "id": "/subscriptions/58006b71-9fca-4df3-ae9b-893c6e4267ce/resourceGroups/rg-university-s4a-image_terraform/providers/Microsoft.Compute/virtualMachines/vm-node2/dataDisks/datadisk-vm-node2",
            "lun": 0,
            "managed_disk_id": "/subscriptions/58006b71-9fca-4df3-ae9b-893c6e4267ce/resourceGroups/rg-university-s4a-image_terraform/providers/Microsoft.Compute/disks/datadisk-vm-node2",
            "timeouts": null,
            "virtual_machine_id": "/subscriptions/58006b71-9fca-4df3-ae9b-893c6e4267ce/resourceGroups/rg-university-s4a-image_terraform/providers/Microsoft.Compute/virtualMachines/vm-node2",
            "write_accelerator_enabled": false
          },
          "sensitive_attributes": [],
          "private": "eyJlMmJmYjczMC1lY2FhLTExZTYtOGY4OC0zNDM2M2JjN2M0YzAiOnsiY3JlYXRlIjoxODAwMDAwMDAwMDAwLCJkZWxldGUiOjE4MDAwMDAwMDAwMDAsInJlYWQiOjMwMDAwMDAwMDAwMCwidXBkYXRlIjoxODAwMDAwMDAwMDAwfX0=",
          "dependencies": [
            "azurerm_resource_group.sinequa_rg",
            "module.kv_st_services.azurerm_key_vault.sinequa_kv",
            "module.kv_st_services.azurerm_key_vault_secret.sinequa_authentication_secret",
            "module.kv_st_services.azurerm_key_vault_secret.sinequa_kv_default_admin_password",
            "module.kv_st_services.azurerm_key_vault_secret.sinequa_kv_secret_password",
            "module.kv_st_services.azurerm_key_vault_secret.sinequa_kv_secret_sinequa_license",
            "module.kv_st_services.azurerm_role_assignment.sinequa_kv_role_for_id",
            "module.kv_st_services.azurerm_role_assignment.sinequa_kv_role_for_me",
            "module.kv_st_services.azurerm_role_assignment.sinequa_st_hot_role_id",
            "module.kv_st_services.azurerm_role_assignment.sinequa_st_premium_role_id",
            "module.kv_st_services.azurerm_storage_account.sinequa_st_hot",
            "module.kv_st_services.azurerm_storage_account.sinequa_st_premium",
            "module.kv_st_services.azurerm_storage_blob.sinequa-secondary",
            "module.kv_st_services.azurerm_storage_container.sinequa_st_hot_container",
            "module.kv_st_services.azurerm_storage_container.sinequa_st_premium_container",
            "module.kv_st_services.azurerm_user_assigned_identity.identity",
            "module.kv_st_services.data.azurerm_client_config.current",
            "module.kv_st_services.module.grid_var.azurerm_storage_blob.sinequa-engine-aliases",
            "module.kv_st_services.module.grid_var.azurerm_storage_blob.sinequa-enginelist-aliases",
            "module.kv_st_services.module.grid_var.azurerm_storage_blob.sinequa-indexer-aliases",
            "module.kv_st_services.module.grid_var.azurerm_storage_blob.sinequa-indexerlist-aliases",
            "module.kv_st_services.module.grid_var.azurerm_storage_blob.sinequa-keyvault",
            "module.kv_st_services.module.grid_var.azurerm_storage_blob.sinequa-node-aliases",
            "module.kv_st_services.module.grid_var.azurerm_storage_blob.sinequa-nodelist-aliases",
            "module.kv_st_services.module.grid_var.azurerm_storage_blob.sinequa-queuecluster",
            "module.kv_st_services.module.grid_var.azurerm_storage_blob.sinequa-version",
            "module.kv_st_services.module.grid_var.azurerm_storage_blob.sinequa_authentication_enabled",
            "module.kv_st_services.module.grid_var.azurerm_storage_blob.sinequa_beta",
            "module.kv_st_services.module.grid_var.azurerm_storage_blob.sinequa_primary_nodes",
            "module.network.azurerm_network_security_group.sinequa_nsg_app",
            "module.network.azurerm_network_security_group.sinequa_nsg_front",
            "module.network.azurerm_network_security_rule.http_on_app",
            "module.network.azurerm_network_security_rule.rdp_on_app",
            "module.network.azurerm_subnet.subnet_app",
            "module.network.azurerm_subnet.subnet_front",
            "module.network.azurerm_subnet_network_security_group_association.sinequa_subnet_nsg_app",
            "module.network.azurerm_subnet_network_security_group_association.sinequa_subnet_nsg_front",
            "module.network.azurerm_virtual_network.sinequa_vnet",
            "module.vm-primary-node2.azurerm_managed_disk.sinequa_vm_datadisk",
            "module.vm-primary-node2.azurerm_network_interface.sinequa_vm_nic",
            "module.vm-primary-node2.azurerm_public_ip.sinequa_vm_pip",
            "module.vm-primary-node2.azurerm_virtual_machine.sinequa_vm",
            "random_password.passwd",
            "random_password.sq_passwd"
          ]
        }
      ]
    },
    {
      "module": "module.vm-primary-node3",
      "mode": "managed",
      "type": "azurerm_managed_disk",
      "name": "sinequa_vm_datadisk",
      "provider": "provider[\"registry.terraform.io/hashicorp/azurerm\"]",
      "instances": [
        {
          "index_key": 0,
          "schema_version": 1,
          "attributes": {
            "create_option": "Empty",
            "disk_access_id": "",
            "disk_encryption_set_id": "",
            "disk_iops_read_only": 0,
            "disk_iops_read_write": 500,
            "disk_mbps_read_only": 0,
            "disk_mbps_read_write": 100,
            "disk_size_gb": 100,
            "edge_zone": "",
            "encryption_settings": [],
            "gallery_image_reference_id": "",
            "hyper_v_generation": "",
            "id": "/subscriptions/58006b71-9fca-4df3-ae9b-893c6e4267ce/resourceGroups/rg-university-s4a-image_terraform/providers/Microsoft.Compute/disks/datadisk-vm-node3",
            "image_reference_id": "",
            "location": "japaneast",
            "logical_sector_size": null,
            "max_shares": 0,
            "name": "datadisk-vm-node3",
            "network_access_policy": null,
            "on_demand_bursting_enabled": false,
            "os_type": "",
            "public_network_access_enabled": true,
            "resource_group_name": "rg-university-s4a-image_terraform",
            "secure_vm_disk_encryption_set_id": "",
            "security_type": "",
            "source_resource_id": "",
            "source_uri": "",
            "storage_account_id": "",
            "storage_account_type": "Premium_LRS",
            "tags": {
              "sinequa-auto-disk": "auto",
              "sinequa-data-storage-url": "https://stprim0bc56606a55823e8ef.blob.core.windows.net/sinequa/grids/rg-university-s4a-image_terraform/",
              "sinequa-node": "vm-node3",
              "sinequa-path": "C:\\sinequa",
              "sinequa-primary-node-id": "3"
            },
            "tier": "P10",
            "timeouts": null,
            "trusted_launch_enabled": false,
            "upload_size_bytes": 0,
            "zone": ""
          },
          "sensitive_attributes": [],
          "private": "eyJlMmJmYjczMC1lY2FhLTExZTYtOGY4OC0zNDM2M2JjN2M0YzAiOnsiY3JlYXRlIjoxODAwMDAwMDAwMDAwLCJkZWxldGUiOjE4MDAwMDAwMDAwMDAsInJlYWQiOjMwMDAwMDAwMDAwMCwidXBkYXRlIjoxODAwMDAwMDAwMDAwfSwic2NoZW1hX3ZlcnNpb24iOiIxIn0=",
          "dependencies": [
            "azurerm_resource_group.sinequa_rg",
            "module.kv_st_services.azurerm_key_vault.sinequa_kv",
            "module.kv_st_services.azurerm_key_vault_secret.sinequa_authentication_secret",
            "module.kv_st_services.azurerm_key_vault_secret.sinequa_kv_default_admin_password",
            "module.kv_st_services.azurerm_key_vault_secret.sinequa_kv_secret_password",
            "module.kv_st_services.azurerm_key_vault_secret.sinequa_kv_secret_sinequa_license",
            "module.kv_st_services.azurerm_role_assignment.sinequa_kv_role_for_id",
            "module.kv_st_services.azurerm_role_assignment.sinequa_kv_role_for_me",
            "module.kv_st_services.azurerm_role_assignment.sinequa_st_hot_role_id",
            "module.kv_st_services.azurerm_role_assignment.sinequa_st_premium_role_id",
            "module.kv_st_services.azurerm_storage_account.sinequa_st_hot",
            "module.kv_st_services.azurerm_storage_account.sinequa_st_premium",
            "module.kv_st_services.azurerm_storage_blob.sinequa-secondary",
            "module.kv_st_services.azurerm_storage_container.sinequa_st_hot_container",
            "module.kv_st_services.azurerm_storage_container.sinequa_st_premium_container",
            "module.kv_st_services.azurerm_user_assigned_identity.identity",
            "module.kv_st_services.data.azurerm_client_config.current",
            "module.kv_st_services.module.grid_var.azurerm_storage_blob.sinequa-engine-aliases",
            "module.kv_st_services.module.grid_var.azurerm_storage_blob.sinequa-enginelist-aliases",
            "module.kv_st_services.module.grid_var.azurerm_storage_blob.sinequa-indexer-aliases",
            "module.kv_st_services.module.grid_var.azurerm_storage_blob.sinequa-indexerlist-aliases",
            "module.kv_st_services.module.grid_var.azurerm_storage_blob.sinequa-keyvault",
            "module.kv_st_services.module.grid_var.azurerm_storage_blob.sinequa-node-aliases",
            "module.kv_st_services.module.grid_var.azurerm_storage_blob.sinequa-nodelist-aliases",
            "module.kv_st_services.module.grid_var.azurerm_storage_blob.sinequa-queuecluster",
            "module.kv_st_services.module.grid_var.azurerm_storage_blob.sinequa-version",
            "module.kv_st_services.module.grid_var.azurerm_storage_blob.sinequa_authentication_enabled",
            "module.kv_st_services.module.grid_var.azurerm_storage_blob.sinequa_beta",
            "module.kv_st_services.module.grid_var.azurerm_storage_blob.sinequa_primary_nodes",
            "module.network.azurerm_network_security_group.sinequa_nsg_app",
            "module.network.azurerm_network_security_group.sinequa_nsg_front",
            "module.network.azurerm_network_security_rule.http_on_app",
            "module.network.azurerm_network_security_rule.rdp_on_app",
            "module.network.azurerm_subnet.subnet_app",
            "module.network.azurerm_subnet.subnet_front",
            "module.network.azurerm_subnet_network_security_group_association.sinequa_subnet_nsg_app",
            "module.network.azurerm_subnet_network_security_group_association.sinequa_subnet_nsg_front",
            "module.network.azurerm_virtual_network.sinequa_vnet",
            "random_password.passwd",
            "random_password.sq_passwd"
          ]
        }
      ]
    },
    {
      "module": "module.vm-primary-node3",
      "mode": "managed",
      "type": "azurerm_network_interface",
      "name": "sinequa_vm_nic",
      "provider": "provider[\"registry.terraform.io/hashicorp/azurerm\"]",
      "instances": [
        {
          "schema_version": 0,
          "attributes": {
            "applied_dns_servers": [],
            "dns_servers": [],
            "edge_zone": "",
            "enable_accelerated_networking": false,
            "enable_ip_forwarding": false,
            "id": "/subscriptions/58006b71-9fca-4df3-ae9b-893c6e4267ce/resourceGroups/rg-university-s4a-image_terraform/providers/Microsoft.Network/networkInterfaces/nic-vm-node3",
            "internal_dns_name_label": "",
            "internal_domain_name_suffix": "ysn53tbdagwevfh3rwuydoprjh.lx.internal.cloudapp.net",
            "ip_configuration": [
              {
                "gateway_load_balancer_frontend_ip_configuration_id": "",
                "name": "ipconfig",
                "primary": true,
                "private_ip_address": "10.3.1.4",
                "private_ip_address_allocation": "Dynamic",
                "private_ip_address_version": "IPv4",
                "public_ip_address_id": "",
                "subnet_id": "/subscriptions/58006b71-9fca-4df3-ae9b-893c6e4267ce/resourceGroups/rg-university-s4a-image_terraform/providers/Microsoft.Network/virtualNetworks/vnet/subnets/snet-app"
              }
            ],
            "location": "japaneast",
            "mac_address": "",
            "name": "nic-vm-node3",
            "private_ip_address": "10.3.1.4",
            "private_ip_addresses": [
              "10.3.1.4"
            ],
            "resource_group_name": "rg-university-s4a-image_terraform",
            "tags": {
              "sinequa-auto-disk": "auto",
              "sinequa-data-storage-url": "https://stprim0bc56606a55823e8ef.blob.core.windows.net/sinequa/grids/rg-university-s4a-image_terraform/",
              "sinequa-node": "vm-node3",
              "sinequa-path": "C:\\sinequa",
              "sinequa-primary-node-id": "3"
            },
            "timeouts": null,
            "virtual_machine_id": ""
          },
          "sensitive_attributes": [
            [
              {
                "type": "get_attr",
                "value": "ip_configuration"
              },
              {
                "type": "index",
                "value": {
                  "value": 0,
                  "type": "number"
                }
              },
              {
                "type": "get_attr",
                "value": "subnet_id"
              }
            ]
          ],
          "private": "eyJlMmJmYjczMC1lY2FhLTExZTYtOGY4OC0zNDM2M2JjN2M0YzAiOnsiY3JlYXRlIjoxODAwMDAwMDAwMDAwLCJkZWxldGUiOjE4MDAwMDAwMDAwMDAsInJlYWQiOjMwMDAwMDAwMDAwMCwidXBkYXRlIjoxODAwMDAwMDAwMDAwfX0=",
          "dependencies": [
            "azurerm_resource_group.sinequa_rg",
            "module.kv_st_services.azurerm_key_vault.sinequa_kv",
            "module.kv_st_services.azurerm_key_vault_secret.sinequa_authentication_secret",
            "module.kv_st_services.azurerm_key_vault_secret.sinequa_kv_default_admin_password",
            "module.kv_st_services.azurerm_key_vault_secret.sinequa_kv_secret_password",
            "module.kv_st_services.azurerm_key_vault_secret.sinequa_kv_secret_sinequa_license",
            "module.kv_st_services.azurerm_role_assignment.sinequa_kv_role_for_id",
            "module.kv_st_services.azurerm_role_assignment.sinequa_kv_role_for_me",
            "module.kv_st_services.azurerm_role_assignment.sinequa_st_hot_role_id",
            "module.kv_st_services.azurerm_role_assignment.sinequa_st_premium_role_id",
            "module.kv_st_services.azurerm_storage_account.sinequa_st_hot",
            "module.kv_st_services.azurerm_storage_account.sinequa_st_premium",
            "module.kv_st_services.azurerm_storage_blob.sinequa-secondary",
            "module.kv_st_services.azurerm_storage_container.sinequa_st_hot_container",
            "module.kv_st_services.azurerm_storage_container.sinequa_st_premium_container",
            "module.kv_st_services.azurerm_user_assigned_identity.identity",
            "module.kv_st_services.data.azurerm_client_config.current",
            "module.kv_st_services.module.grid_var.azurerm_storage_blob.sinequa-engine-aliases",
            "module.kv_st_services.module.grid_var.azurerm_storage_blob.sinequa-enginelist-aliases",
            "module.kv_st_services.module.grid_var.azurerm_storage_blob.sinequa-indexer-aliases",
            "module.kv_st_services.module.grid_var.azurerm_storage_blob.sinequa-indexerlist-aliases",
            "module.kv_st_services.module.grid_var.azurerm_storage_blob.sinequa-keyvault",
            "module.kv_st_services.module.grid_var.azurerm_storage_blob.sinequa-node-aliases",
            "module.kv_st_services.module.grid_var.azurerm_storage_blob.sinequa-nodelist-aliases",
            "module.kv_st_services.module.grid_var.azurerm_storage_blob.sinequa-queuecluster",
            "module.kv_st_services.module.grid_var.azurerm_storage_blob.sinequa-version",
            "module.kv_st_services.module.grid_var.azurerm_storage_blob.sinequa_authentication_enabled",
            "module.kv_st_services.module.grid_var.azurerm_storage_blob.sinequa_beta",
            "module.kv_st_services.module.grid_var.azurerm_storage_blob.sinequa_primary_nodes",
            "module.network.azurerm_network_security_group.sinequa_nsg_app",
            "module.network.azurerm_network_security_group.sinequa_nsg_front",
            "module.network.azurerm_network_security_rule.http_on_app",
            "module.network.azurerm_network_security_rule.rdp_on_app",
            "module.network.azurerm_subnet.subnet_app",
            "module.network.azurerm_subnet.subnet_front",
            "module.network.azurerm_subnet_network_security_group_association.sinequa_subnet_nsg_app",
            "module.network.azurerm_subnet_network_security_group_association.sinequa_subnet_nsg_front",
            "module.network.azurerm_virtual_network.sinequa_vnet",
            "module.vm-primary-node3.azurerm_public_ip.sinequa_vm_pip",
            "random_password.passwd",
            "random_password.sq_passwd"
          ]
        }
      ]
    },
    {
      "module": "module.vm-primary-node3",
      "mode": "managed",
      "type": "azurerm_network_interface_security_group_association",
      "name": "sinequa_nic_nsg",
      "provider": "provider[\"registry.terraform.io/hashicorp/azurerm\"]",
      "instances": [
        {
          "schema_version": 0,
          "attributes": {
            "id": "/subscriptions/58006b71-9fca-4df3-ae9b-893c6e4267ce/resourceGroups/rg-university-s4a-image_terraform/providers/Microsoft.Network/networkInterfaces/nic-vm-node3|/subscriptions/58006b71-9fca-4df3-ae9b-893c6e4267ce/resourceGroups/rg-university-s4a-image_terraform/providers/Microsoft.Network/networkSecurityGroups/nsg-app",
            "network_interface_id": "/subscriptions/58006b71-9fca-4df3-ae9b-893c6e4267ce/resourceGroups/rg-university-s4a-image_terraform/providers/Microsoft.Network/networkInterfaces/nic-vm-node3",
            "network_security_group_id": "/subscriptions/58006b71-9fca-4df3-ae9b-893c6e4267ce/resourceGroups/rg-university-s4a-image_terraform/providers/Microsoft.Network/networkSecurityGroups/nsg-app",
            "timeouts": null
          },
          "sensitive_attributes": [
            [
              {
                "type": "get_attr",
                "value": "network_security_group_id"
              }
            ]
          ],
          "private": "eyJlMmJmYjczMC1lY2FhLTExZTYtOGY4OC0zNDM2M2JjN2M0YzAiOnsiY3JlYXRlIjoxODAwMDAwMDAwMDAwLCJkZWxldGUiOjE4MDAwMDAwMDAwMDAsInJlYWQiOjMwMDAwMDAwMDAwMCwidXBkYXRlIjoxODAwMDAwMDAwMDAwfX0=",
          "dependencies": [
            "azurerm_resource_group.sinequa_rg",
            "module.kv_st_services.azurerm_key_vault.sinequa_kv",
            "module.kv_st_services.azurerm_key_vault_secret.sinequa_authentication_secret",
            "module.kv_st_services.azurerm_key_vault_secret.sinequa_kv_default_admin_password",
            "module.kv_st_services.azurerm_key_vault_secret.sinequa_kv_secret_password",
            "module.kv_st_services.azurerm_key_vault_secret.sinequa_kv_secret_sinequa_license",
            "module.kv_st_services.azurerm_role_assignment.sinequa_kv_role_for_id",
            "module.kv_st_services.azurerm_role_assignment.sinequa_kv_role_for_me",
            "module.kv_st_services.azurerm_role_assignment.sinequa_st_hot_role_id",
            "module.kv_st_services.azurerm_role_assignment.sinequa_st_premium_role_id",
            "module.kv_st_services.azurerm_storage_account.sinequa_st_hot",
            "module.kv_st_services.azurerm_storage_account.sinequa_st_premium",
            "module.kv_st_services.azurerm_storage_blob.sinequa-secondary",
            "module.kv_st_services.azurerm_storage_container.sinequa_st_hot_container",
            "module.kv_st_services.azurerm_storage_container.sinequa_st_premium_container",
            "module.kv_st_services.azurerm_user_assigned_identity.identity",
            "module.kv_st_services.data.azurerm_client_config.current",
            "module.kv_st_services.module.grid_var.azurerm_storage_blob.sinequa-engine-aliases",
            "module.kv_st_services.module.grid_var.azurerm_storage_blob.sinequa-enginelist-aliases",
            "module.kv_st_services.module.grid_var.azurerm_storage_blob.sinequa-indexer-aliases",
            "module.kv_st_services.module.grid_var.azurerm_storage_blob.sinequa-indexerlist-aliases",
            "module.kv_st_services.module.grid_var.azurerm_storage_blob.sinequa-keyvault",
            "module.kv_st_services.module.grid_var.azurerm_storage_blob.sinequa-node-aliases",
            "module.kv_st_services.module.grid_var.azurerm_storage_blob.sinequa-nodelist-aliases",
            "module.kv_st_services.module.grid_var.azurerm_storage_blob.sinequa-queuecluster",
            "module.kv_st_services.module.grid_var.azurerm_storage_blob.sinequa-version",
            "module.kv_st_services.module.grid_var.azurerm_storage_blob.sinequa_authentication_enabled",
            "module.kv_st_services.module.grid_var.azurerm_storage_blob.sinequa_beta",
            "module.kv_st_services.module.grid_var.azurerm_storage_blob.sinequa_primary_nodes",
            "module.network.azurerm_network_security_group.sinequa_nsg_app",
            "module.network.azurerm_network_security_group.sinequa_nsg_front",
            "module.network.azurerm_network_security_rule.http_on_app",
            "module.network.azurerm_network_security_rule.rdp_on_app",
            "module.network.azurerm_subnet.subnet_app",
            "module.network.azurerm_subnet.subnet_front",
            "module.network.azurerm_subnet_network_security_group_association.sinequa_subnet_nsg_app",
            "module.network.azurerm_subnet_network_security_group_association.sinequa_subnet_nsg_front",
            "module.network.azurerm_virtual_network.sinequa_vnet",
            "module.vm-primary-node3.azurerm_network_interface.sinequa_vm_nic",
            "module.vm-primary-node3.azurerm_public_ip.sinequa_vm_pip",
            "random_password.passwd",
            "random_password.sq_passwd"
          ]
        }
      ]
    },
    {
      "module": "module.vm-primary-node3",
      "mode": "managed",
      "type": "azurerm_virtual_machine",
      "name": "sinequa_vm",
      "provider": "provider[\"registry.terraform.io/hashicorp/azurerm\"]",
      "instances": [
        {
          "schema_version": 0,
          "attributes": {
            "additional_capabilities": [],
            "availability_set_id": null,
            "boot_diagnostics": [],
            "delete_data_disks_on_termination": false,
            "delete_os_disk_on_termination": true,
            "id": "/subscriptions/58006b71-9fca-4df3-ae9b-893c6e4267ce/resourceGroups/rg-university-s4a-image_terraform/providers/Microsoft.Compute/virtualMachines/vm-node3",
            "identity": [
              {
                "identity_ids": [
                  "/subscriptions/58006b71-9fca-4df3-ae9b-893c6e4267ce/resourceGroups/rg-university-s4a-image_terraform/providers/Microsoft.ManagedIdentity/userAssignedIdentities/id-sq"
                ],
                "principal_id": "",
                "type": "UserAssigned"
              }
            ],
            "license_type": null,
            "location": "japaneast",
            "name": "vm-node3",
            "network_interface_ids": [
              "/subscriptions/58006b71-9fca-4df3-ae9b-893c6e4267ce/resourceGroups/rg-university-s4a-image_terraform/providers/Microsoft.Network/networkInterfaces/nic-vm-node3"
            ],
            "os_profile": [
              {
                "admin_password": "",
                "admin_username": "sinequa",
                "computer_name": "vm-node3",
                "custom_data": ""
              }
            ],
            "os_profile_linux_config": [],
            "os_profile_secrets": [],
            "os_profile_windows_config": [
              {
                "additional_unattend_config": [],
                "enable_automatic_upgrades": false,
                "provision_vm_agent": true,
                "timezone": "W. Europe Standard Time",
                "winrm": []
              }
            ],
            "plan": [],
            "primary_network_interface_id": null,
            "proximity_placement_group_id": null,
            "resource_group_name": "rg-university-s4a-image_terraform",
            "storage_data_disk": [],
            "storage_image_reference": [
              {
                "id": "/subscriptions/58006b71-9fca-4df3-ae9b-893c6e4267ce/resourceGroups/rg-university-s4a-image/providers/Microsoft.Compute/images/sinequa-11.10.0.2065",
                "offer": "",
                "publisher": "",
                "sku": "",
                "version": ""
              }
            ],
            "storage_os_disk": [
              {
                "caching": "ReadWrite",
                "create_option": "FromImage",
                "disk_size_gb": 64,
                "image_uri": "",
                "managed_disk_id": "/subscriptions/58006b71-9fca-4df3-ae9b-893c6e4267ce/resourceGroups/rg-university-s4a-image_terraform/providers/Microsoft.Compute/disks/osdisk-vm-node3",
                "managed_disk_type": "Standard_LRS",
                "name": "osdisk-vm-node3",
                "os_type": "Windows",
                "vhd_uri": "",
                "write_accelerator_enabled": false
              }
            ],
            "tags": {
              "sinequa-auto-disk": "auto",
              "sinequa-data-storage-url": "https://stprim0bc56606a55823e8ef.blob.core.windows.net/sinequa/grids/rg-university-s4a-image_terraform/",
              "sinequa-node": "vm-node3",
              "sinequa-path": "C:\\sinequa",
              "sinequa-primary-node-id": "3"
            },
            "timeouts": null,
            "vm_size": "Standard_B1ms",
            "zones": null
          },
          "sensitive_attributes": [
            [
              {
                "type": "get_attr",
                "value": "os_profile"
              }
            ],
            [
              {
                "type": "get_attr",
                "value": "identity"
              },
              {
                "type": "index",
                "value": {
                  "value": 0,
                  "type": "number"
                }
              },
              {
                "type": "get_attr",
                "value": "identity_ids"
              },
              {
                "type": "index",
                "value": {
                  "value": 0,
                  "type": "number"
                }
              }
            ]
          ],
          "private": "eyJlMmJmYjczMC1lY2FhLTExZTYtOGY4OC0zNDM2M2JjN2M0YzAiOnsiY3JlYXRlIjozNjAwMDAwMDAwMDAwLCJkZWxldGUiOjM2MDAwMDAwMDAwMDAsInJlYWQiOjMwMDAwMDAwMDAwMCwidXBkYXRlIjozNjAwMDAwMDAwMDAwfX0=",
          "dependencies": [
            "azurerm_resource_group.sinequa_rg",
            "module.kv_st_services.azurerm_key_vault.sinequa_kv",
            "module.kv_st_services.azurerm_key_vault_secret.sinequa_authentication_secret",
            "module.kv_st_services.azurerm_key_vault_secret.sinequa_kv_default_admin_password",
            "module.kv_st_services.azurerm_key_vault_secret.sinequa_kv_secret_password",
            "module.kv_st_services.azurerm_key_vault_secret.sinequa_kv_secret_sinequa_license",
            "module.kv_st_services.azurerm_role_assignment.sinequa_kv_role_for_id",
            "module.kv_st_services.azurerm_role_assignment.sinequa_kv_role_for_me",
            "module.kv_st_services.azurerm_role_assignment.sinequa_st_hot_role_id",
            "module.kv_st_services.azurerm_role_assignment.sinequa_st_premium_role_id",
            "module.kv_st_services.azurerm_storage_account.sinequa_st_hot",
            "module.kv_st_services.azurerm_storage_account.sinequa_st_premium",
            "module.kv_st_services.azurerm_storage_blob.sinequa-secondary",
            "module.kv_st_services.azurerm_storage_container.sinequa_st_hot_container",
            "module.kv_st_services.azurerm_storage_container.sinequa_st_premium_container",
            "module.kv_st_services.azurerm_user_assigned_identity.identity",
            "module.kv_st_services.data.azurerm_client_config.current",
            "module.kv_st_services.module.grid_var.azurerm_storage_blob.sinequa-engine-aliases",
            "module.kv_st_services.module.grid_var.azurerm_storage_blob.sinequa-enginelist-aliases",
            "module.kv_st_services.module.grid_var.azurerm_storage_blob.sinequa-indexer-aliases",
            "module.kv_st_services.module.grid_var.azurerm_storage_blob.sinequa-indexerlist-aliases",
            "module.kv_st_services.module.grid_var.azurerm_storage_blob.sinequa-keyvault",
            "module.kv_st_services.module.grid_var.azurerm_storage_blob.sinequa-node-aliases",
            "module.kv_st_services.module.grid_var.azurerm_storage_blob.sinequa-nodelist-aliases",
            "module.kv_st_services.module.grid_var.azurerm_storage_blob.sinequa-queuecluster",
            "module.kv_st_services.module.grid_var.azurerm_storage_blob.sinequa-version",
            "module.kv_st_services.module.grid_var.azurerm_storage_blob.sinequa_authentication_enabled",
            "module.kv_st_services.module.grid_var.azurerm_storage_blob.sinequa_beta",
            "module.kv_st_services.module.grid_var.azurerm_storage_blob.sinequa_primary_nodes",
            "module.network.azurerm_network_security_group.sinequa_nsg_app",
            "module.network.azurerm_network_security_group.sinequa_nsg_front",
            "module.network.azurerm_network_security_rule.http_on_app",
            "module.network.azurerm_network_security_rule.rdp_on_app",
            "module.network.azurerm_subnet.subnet_app",
            "module.network.azurerm_subnet.subnet_front",
            "module.network.azurerm_subnet_network_security_group_association.sinequa_subnet_nsg_app",
            "module.network.azurerm_subnet_network_security_group_association.sinequa_subnet_nsg_front",
            "module.network.azurerm_virtual_network.sinequa_vnet",
            "module.vm-primary-node3.azurerm_network_interface.sinequa_vm_nic",
            "module.vm-primary-node3.azurerm_public_ip.sinequa_vm_pip",
            "random_password.passwd",
            "random_password.sq_passwd"
          ]
        }
      ]
    },
    {
      "module": "module.vm-primary-node3",
      "mode": "managed",
      "type": "azurerm_virtual_machine_data_disk_attachment",
      "name": "sinequa_vm_datadisk_attach",
      "provider": "provider[\"registry.terraform.io/hashicorp/azurerm\"]",
      "instances": [
        {
          "index_key": 0,
          "schema_version": 0,
          "attributes": {
            "caching": "ReadOnly",
            "create_option": "Attach",
            "id": "/subscriptions/58006b71-9fca-4df3-ae9b-893c6e4267ce/resourceGroups/rg-university-s4a-image_terraform/providers/Microsoft.Compute/virtualMachines/vm-node3/dataDisks/datadisk-vm-node3",
            "lun": 0,
            "managed_disk_id": "/subscriptions/58006b71-9fca-4df3-ae9b-893c6e4267ce/resourceGroups/rg-university-s4a-image_terraform/providers/Microsoft.Compute/disks/datadisk-vm-node3",
            "timeouts": null,
            "virtual_machine_id": "/subscriptions/58006b71-9fca-4df3-ae9b-893c6e4267ce/resourceGroups/rg-university-s4a-image_terraform/providers/Microsoft.Compute/virtualMachines/vm-node3",
            "write_accelerator_enabled": false
          },
          "sensitive_attributes": [],
          "private": "eyJlMmJmYjczMC1lY2FhLTExZTYtOGY4OC0zNDM2M2JjN2M0YzAiOnsiY3JlYXRlIjoxODAwMDAwMDAwMDAwLCJkZWxldGUiOjE4MDAwMDAwMDAwMDAsInJlYWQiOjMwMDAwMDAwMDAwMCwidXBkYXRlIjoxODAwMDAwMDAwMDAwfX0=",
          "dependencies": [
            "azurerm_resource_group.sinequa_rg",
            "module.kv_st_services.azurerm_key_vault.sinequa_kv",
            "module.kv_st_services.azurerm_key_vault_secret.sinequa_authentication_secret",
            "module.kv_st_services.azurerm_key_vault_secret.sinequa_kv_default_admin_password",
            "module.kv_st_services.azurerm_key_vault_secret.sinequa_kv_secret_password",
            "module.kv_st_services.azurerm_key_vault_secret.sinequa_kv_secret_sinequa_license",
            "module.kv_st_services.azurerm_role_assignment.sinequa_kv_role_for_id",
            "module.kv_st_services.azurerm_role_assignment.sinequa_kv_role_for_me",
            "module.kv_st_services.azurerm_role_assignment.sinequa_st_hot_role_id",
            "module.kv_st_services.azurerm_role_assignment.sinequa_st_premium_role_id",
            "module.kv_st_services.azurerm_storage_account.sinequa_st_hot",
            "module.kv_st_services.azurerm_storage_account.sinequa_st_premium",
            "module.kv_st_services.azurerm_storage_blob.sinequa-secondary",
            "module.kv_st_services.azurerm_storage_container.sinequa_st_hot_container",
            "module.kv_st_services.azurerm_storage_container.sinequa_st_premium_container",
            "module.kv_st_services.azurerm_user_assigned_identity.identity",
            "module.kv_st_services.data.azurerm_client_config.current",
            "module.kv_st_services.module.grid_var.azurerm_storage_blob.sinequa-engine-aliases",
            "module.kv_st_services.module.grid_var.azurerm_storage_blob.sinequa-enginelist-aliases",
            "module.kv_st_services.module.grid_var.azurerm_storage_blob.sinequa-indexer-aliases",
            "module.kv_st_services.module.grid_var.azurerm_storage_blob.sinequa-indexerlist-aliases",
            "module.kv_st_services.module.grid_var.azurerm_storage_blob.sinequa-keyvault",
            "module.kv_st_services.module.grid_var.azurerm_storage_blob.sinequa-node-aliases",
            "module.kv_st_services.module.grid_var.azurerm_storage_blob.sinequa-nodelist-aliases",
            "module.kv_st_services.module.grid_var.azurerm_storage_blob.sinequa-queuecluster",
            "module.kv_st_services.module.grid_var.azurerm_storage_blob.sinequa-version",
            "module.kv_st_services.module.grid_var.azurerm_storage_blob.sinequa_authentication_enabled",
            "module.kv_st_services.module.grid_var.azurerm_storage_blob.sinequa_beta",
            "module.kv_st_services.module.grid_var.azurerm_storage_blob.sinequa_primary_nodes",
            "module.network.azurerm_network_security_group.sinequa_nsg_app",
            "module.network.azurerm_network_security_group.sinequa_nsg_front",
            "module.network.azurerm_network_security_rule.http_on_app",
            "module.network.azurerm_network_security_rule.rdp_on_app",
            "module.network.azurerm_subnet.subnet_app",
            "module.network.azurerm_subnet.subnet_front",
            "module.network.azurerm_subnet_network_security_group_association.sinequa_subnet_nsg_app",
            "module.network.azurerm_subnet_network_security_group_association.sinequa_subnet_nsg_front",
            "module.network.azurerm_virtual_network.sinequa_vnet",
            "module.vm-primary-node3.azurerm_managed_disk.sinequa_vm_datadisk",
            "module.vm-primary-node3.azurerm_network_interface.sinequa_vm_nic",
            "module.vm-primary-node3.azurerm_public_ip.sinequa_vm_pip",
            "module.vm-primary-node3.azurerm_virtual_machine.sinequa_vm",
            "random_password.passwd",
            "random_password.sq_passwd"
          ]
        }
      ]
    },
    {
      "module": "module.vmss-indexer1",
      "mode": "managed",
      "type": "azurerm_role_assignment",
      "name": "sinequa_vmss_role_vmss",
      "provider": "provider[\"registry.terraform.io/hashicorp/azurerm\"]",
      "instances": [
        {
          "schema_version": 0,
          "attributes": {
            "condition": "",
            "condition_version": "",
            "delegated_managed_identity_resource_id": "",
            "description": "",
            "id": "/subscriptions/58006b71-9fca-4df3-ae9b-893c6e4267ce/resourceGroups/rg-university-s4a-image_terraform/providers/Microsoft.Compute/virtualMachineScaleSets/vmss-indexer/providers/Microsoft.Authorization/roleAssignments/421e53a0-2085-40de-6375-4479b5cf499e",
            "name": "421e53a0-2085-40de-6375-4479b5cf499e",
            "principal_id": "366b5721-362a-444c-aae9-8c5fd5ccceb6",
            "principal_type": "ServicePrincipal",
            "role_definition_id": "/subscriptions/58006b71-9fca-4df3-ae9b-893c6e4267ce/providers/Microsoft.Authorization/roleDefinitions/b24988ac-6180-42a0-ab88-20f7382dd24c",
            "role_definition_name": "Contributor",
            "scope": "/subscriptions/58006b71-9fca-4df3-ae9b-893c6e4267ce/resourceGroups/rg-university-s4a-image_terraform/providers/Microsoft.Compute/virtualMachineScaleSets/vmss-indexer",
            "skip_service_principal_aad_check": null,
            "timeouts": null
          },
          "sensitive_attributes": [
            [
              {
                "type": "get_attr",
                "value": "principal_id"
              }
            ]
          ],
          "private": "eyJlMmJmYjczMC1lY2FhLTExZTYtOGY4OC0zNDM2M2JjN2M0YzAiOnsiY3JlYXRlIjoxODAwMDAwMDAwMDAwLCJkZWxldGUiOjE4MDAwMDAwMDAwMDAsInJlYWQiOjMwMDAwMDAwMDAwMCwidXBkYXRlIjoxODAwMDAwMDAwMDAwfX0=",
          "dependencies": [
            "azurerm_resource_group.sinequa_rg",
            "module.kv_st_services.azurerm_key_vault.sinequa_kv",
            "module.kv_st_services.azurerm_key_vault_secret.sinequa_authentication_secret",
            "module.kv_st_services.azurerm_key_vault_secret.sinequa_kv_default_admin_password",
            "module.kv_st_services.azurerm_key_vault_secret.sinequa_kv_secret_password",
            "module.kv_st_services.azurerm_key_vault_secret.sinequa_kv_secret_sinequa_license",
            "module.kv_st_services.azurerm_role_assignment.sinequa_kv_role_for_id",
            "module.kv_st_services.azurerm_role_assignment.sinequa_kv_role_for_me",
            "module.kv_st_services.azurerm_role_assignment.sinequa_st_hot_role_id",
            "module.kv_st_services.azurerm_role_assignment.sinequa_st_premium_role_id",
            "module.kv_st_services.azurerm_storage_account.sinequa_st_hot",
            "module.kv_st_services.azurerm_storage_account.sinequa_st_premium",
            "module.kv_st_services.azurerm_storage_blob.sinequa-secondary",
            "module.kv_st_services.azurerm_storage_container.sinequa_st_hot_container",
            "module.kv_st_services.azurerm_storage_container.sinequa_st_premium_container",
            "module.kv_st_services.azurerm_user_assigned_identity.identity",
            "module.kv_st_services.data.azurerm_client_config.current",
            "module.kv_st_services.module.grid_var.azurerm_storage_blob.sinequa-engine-aliases",
            "module.kv_st_services.module.grid_var.azurerm_storage_blob.sinequa-enginelist-aliases",
            "module.kv_st_services.module.grid_var.azurerm_storage_blob.sinequa-indexer-aliases",
            "module.kv_st_services.module.grid_var.azurerm_storage_blob.sinequa-indexerlist-aliases",
            "module.kv_st_services.module.grid_var.azurerm_storage_blob.sinequa-keyvault",
            "module.kv_st_services.module.grid_var.azurerm_storage_blob.sinequa-node-aliases",
            "module.kv_st_services.module.grid_var.azurerm_storage_blob.sinequa-nodelist-aliases",
            "module.kv_st_services.module.grid_var.azurerm_storage_blob.sinequa-queuecluster",
            "module.kv_st_services.module.grid_var.azurerm_storage_blob.sinequa-version",
            "module.kv_st_services.module.grid_var.azurerm_storage_blob.sinequa_authentication_enabled",
            "module.kv_st_services.module.grid_var.azurerm_storage_blob.sinequa_beta",
            "module.kv_st_services.module.grid_var.azurerm_storage_blob.sinequa_primary_nodes",
            "module.network.azurerm_network_security_group.sinequa_nsg_app",
            "module.network.azurerm_network_security_group.sinequa_nsg_front",
            "module.network.azurerm_network_security_rule.http_on_app",
            "module.network.azurerm_network_security_rule.rdp_on_app",
            "module.network.azurerm_subnet.subnet_app",
            "module.network.azurerm_subnet.subnet_front",
            "module.network.azurerm_subnet_network_security_group_association.sinequa_subnet_nsg_app",
            "module.network.azurerm_subnet_network_security_group_association.sinequa_subnet_nsg_front",
            "module.network.azurerm_virtual_network.sinequa_vnet",
            "module.vm-primary-node1.azurerm_managed_disk.sinequa_vm_datadisk",
            "module.vm-primary-node1.azurerm_network_interface.sinequa_vm_nic",
            "module.vm-primary-node1.azurerm_network_interface_application_gateway_backend_address_pool_association.sinequa_vm_to_ag",
            "module.vm-primary-node1.azurerm_network_interface_security_group_association.sinequa_nic_nsg",
            "module.vm-primary-node1.azurerm_public_ip.sinequa_vm_pip",
            "module.vm-primary-node1.azurerm_virtual_machine.sinequa_vm",
            "module.vm-primary-node1.azurerm_virtual_machine_data_disk_attachment.sinequa_vm_datadisk_attach",
            "module.vm-primary-node1.azurerm_virtual_machine_data_disk_attachment.sinequa_vm_datadiskids_attach",
            "module.vm-primary-node2.azurerm_managed_disk.sinequa_vm_datadisk",
            "module.vm-primary-node2.azurerm_network_interface.sinequa_vm_nic",
            "module.vm-primary-node2.azurerm_network_interface_application_gateway_backend_address_pool_association.sinequa_vm_to_ag",
            "module.vm-primary-node2.azurerm_network_interface_security_group_association.sinequa_nic_nsg",
            "module.vm-primary-node2.azurerm_public_ip.sinequa_vm_pip",
            "module.vm-primary-node2.azurerm_virtual_machine.sinequa_vm",
            "module.vm-primary-node2.azurerm_virtual_machine_data_disk_attachment.sinequa_vm_datadisk_attach",
            "module.vm-primary-node2.azurerm_virtual_machine_data_disk_attachment.sinequa_vm_datadiskids_attach",
            "module.vm-primary-node3.azurerm_managed_disk.sinequa_vm_datadisk",
            "module.vm-primary-node3.azurerm_network_interface.sinequa_vm_nic",
            "module.vm-primary-node3.azurerm_network_interface_application_gateway_backend_address_pool_association.sinequa_vm_to_ag",
            "module.vm-primary-node3.azurerm_network_interface_security_group_association.sinequa_nic_nsg",
            "module.vm-primary-node3.azurerm_public_ip.sinequa_vm_pip",
            "module.vm-primary-node3.azurerm_virtual_machine.sinequa_vm",
            "module.vm-primary-node3.azurerm_virtual_machine_data_disk_attachment.sinequa_vm_datadisk_attach",
            "module.vm-primary-node3.azurerm_virtual_machine_data_disk_attachment.sinequa_vm_datadiskids_attach",
            "module.vmss-indexer1.azurerm_windows_virtual_machine_scale_set.sinequa_vmss",
            "random_password.passwd",
            "random_password.sq_passwd"
          ]
        }
      ]
    },
    {
      "module": "module.vmss-indexer1",
      "mode": "managed",
      "type": "azurerm_windows_virtual_machine_scale_set",
      "name": "sinequa_vmss",
      "provider": "provider[\"registry.terraform.io/hashicorp/azurerm\"]",
      "instances": [
        {
          "schema_version": 0,
          "attributes": {
            "additional_capabilities": [],
            "additional_unattend_content": [],
            "admin_password": "8V00zQ6GlJ1icUQWjCEEOpVS",
            "admin_username": "sinequa",
            "automatic_instance_repair": [
              {
                "enabled": false,
                "grace_period": "PT30M"
              }
            ],
            "automatic_os_upgrade_policy": [],
            "boot_diagnostics": [],
            "capacity_reservation_group_id": "",
            "computer_name_prefix": "indexer",
            "custom_data": null,
            "data_disk": [],
            "do_not_run_extensions_on_overprovisioned_machines": false,
            "edge_zone": "",
            "enable_automatic_updates": true,
            "encryption_at_host_enabled": false,
            "eviction_policy": "",
            "extension": [],
            "extension_operations_enabled": true,
            "extensions_time_budget": "PT1H30M",
            "gallery_application": null,
            "gallery_applications": null,
            "health_probe_id": "",
            "host_group_id": null,
            "id": "/subscriptions/58006b71-9fca-4df3-ae9b-893c6e4267ce/resourceGroups/rg-university-s4a-image_terraform/providers/Microsoft.Compute/virtualMachineScaleSets/vmss-indexer",
            "identity": [
              {
                "identity_ids": [
                  "/subscriptions/58006b71-9fca-4df3-ae9b-893c6e4267ce/resourceGroups/rg-university-s4a-image_terraform/providers/Microsoft.ManagedIdentity/userAssignedIdentities/id-sq"
                ],
                "principal_id": "",
                "tenant_id": "",
                "type": "UserAssigned"
              }
            ],
            "instances": 3,
            "license_type": "",
            "location": "japaneast",
            "max_bid_price": -1,
            "name": "vmss-indexer",
            "network_interface": [
              {
                "dns_servers": null,
                "enable_accelerated_networking": false,
                "enable_ip_forwarding": false,
                "ip_configuration": [
                  {
                    "application_gateway_backend_address_pool_ids": null,
                    "application_security_group_ids": null,
                    "load_balancer_backend_address_pool_ids": null,
                    "load_balancer_inbound_nat_rules_ids": null,
                    "name": "ipconfig",
                    "primary": true,
                    "public_ip_address": [],
                    "subnet_id": "/subscriptions/58006b71-9fca-4df3-ae9b-893c6e4267ce/resourceGroups/rg-university-s4a-image_terraform/providers/Microsoft.Network/virtualNetworks/vnet/subnets/snet-app",
                    "version": "IPv4"
                  }
                ],
                "name": "nic",
                "network_security_group_id": "",
                "primary": true
              }
            ],
            "os_disk": [
              {
                "caching": "ReadWrite",
                "diff_disk_settings": [],
                "disk_encryption_set_id": "",
                "disk_size_gb": 64,
                "secure_vm_disk_encryption_set_id": "",
                "security_encryption_type": "",
                "storage_account_type": "Standard_LRS",
                "write_accelerator_enabled": false
              }
            ],
            "overprovision": true,
            "plan": [],
            "platform_fault_domain_count": 0,
            "priority": "Regular",
            "provision_vm_agent": true,
            "proximity_placement_group_id": "",
            "resource_group_name": "rg-university-s4a-image_terraform",
            "rolling_upgrade_policy": [],
            "scale_in": [
              {
                "force_deletion_enabled": false,
                "rule": "Default"
              }
            ],
            "scale_in_policy": "Default",
            "secret": [],
            "secure_boot_enabled": false,
            "single_placement_group": true,
            "sku": "Standard_B2s",
            "source_image_id": "/subscriptions/58006b71-9fca-4df3-ae9b-893c6e4267ce/resourceGroups/rg-university-s4a-image/providers/Microsoft.Compute/images/sinequa-11.10.0.2065",
            "source_image_reference": [],
            "spot_restore": null,
            "tags": {
              "sinequa-data-storage-url": "https://stprim0bc56606a55823e8ef.blob.core.windows.net/sinequa/grids/rg-university-s4a-image_terraform/",
              "sinequa-indexer": "elastic-indexer",
              "sinequa-node": "vmss-indexer"
            },
            "terminate_notification": null,
            "termination_notification": null,
            "timeouts": null,
            "timezone": "W. Europe Standard Time",
            "unique_id": "1d475b75-ab9d-460b-8d3e-fe7aa614e997",
            "upgrade_mode": "Manual",
            "user_data": "",
            "vtpm_enabled": false,
            "winrm_listener": [],
            "zone_balance": false,
            "zones": null
          },
          "sensitive_attributes": [
            [
              {
                "type": "get_attr",
                "value": "identity"
              },
              {
                "type": "index",
                "value": {
                  "value": 0,
                  "type": "number"
                }
              },
              {
                "type": "get_attr",
                "value": "identity_ids"
              }
            ],
            [
              {
                "type": "get_attr",
                "value": "admin_password"
              }
            ],
            [
              {
                "type": "get_attr",
                "value": "network_interface"
              },
              {
                "type": "index",
                "value": {
                  "value": 0,
                  "type": "number"
                }
              },
              {
                "type": "get_attr",
                "value": "ip_configuration"
              },
              {
                "type": "index",
                "value": {
                  "value": 0,
                  "type": "number"
                }
              },
              {
                "type": "get_attr",
                "value": "subnet_id"
              }
            ]
          ],
          "private": "eyJlMmJmYjczMC1lY2FhLTExZTYtOGY4OC0zNDM2M2JjN2M0YzAiOnsiY3JlYXRlIjozNjAwMDAwMDAwMDAwLCJkZWxldGUiOjM2MDAwMDAwMDAwMDAsInJlYWQiOjMwMDAwMDAwMDAwMCwidXBkYXRlIjozNjAwMDAwMDAwMDAwfX0=",
          "dependencies": [
            "azurerm_resource_group.sinequa_rg",
            "module.kv_st_services.azurerm_key_vault.sinequa_kv",
            "module.kv_st_services.azurerm_key_vault_secret.sinequa_authentication_secret",
            "module.kv_st_services.azurerm_key_vault_secret.sinequa_kv_default_admin_password",
            "module.kv_st_services.azurerm_key_vault_secret.sinequa_kv_secret_password",
            "module.kv_st_services.azurerm_key_vault_secret.sinequa_kv_secret_sinequa_license",
            "module.kv_st_services.azurerm_role_assignment.sinequa_kv_role_for_id",
            "module.kv_st_services.azurerm_role_assignment.sinequa_kv_role_for_me",
            "module.kv_st_services.azurerm_role_assignment.sinequa_st_hot_role_id",
            "module.kv_st_services.azurerm_role_assignment.sinequa_st_premium_role_id",
            "module.kv_st_services.azurerm_storage_account.sinequa_st_hot",
            "module.kv_st_services.azurerm_storage_account.sinequa_st_premium",
            "module.kv_st_services.azurerm_storage_blob.sinequa-secondary",
            "module.kv_st_services.azurerm_storage_container.sinequa_st_hot_container",
            "module.kv_st_services.azurerm_storage_container.sinequa_st_premium_container",
            "module.kv_st_services.azurerm_user_assigned_identity.identity",
            "module.kv_st_services.data.azurerm_client_config.current",
            "module.kv_st_services.module.grid_var.azurerm_storage_blob.sinequa-engine-aliases",
            "module.kv_st_services.module.grid_var.azurerm_storage_blob.sinequa-enginelist-aliases",
            "module.kv_st_services.module.grid_var.azurerm_storage_blob.sinequa-indexer-aliases",
            "module.kv_st_services.module.grid_var.azurerm_storage_blob.sinequa-indexerlist-aliases",
            "module.kv_st_services.module.grid_var.azurerm_storage_blob.sinequa-keyvault",
            "module.kv_st_services.module.grid_var.azurerm_storage_blob.sinequa-node-aliases",
            "module.kv_st_services.module.grid_var.azurerm_storage_blob.sinequa-nodelist-aliases",
            "module.kv_st_services.module.grid_var.azurerm_storage_blob.sinequa-queuecluster",
            "module.kv_st_services.module.grid_var.azurerm_storage_blob.sinequa-version",
            "module.kv_st_services.module.grid_var.azurerm_storage_blob.sinequa_authentication_enabled",
            "module.kv_st_services.module.grid_var.azurerm_storage_blob.sinequa_beta",
            "module.kv_st_services.module.grid_var.azurerm_storage_blob.sinequa_primary_nodes",
            "module.network.azurerm_network_security_group.sinequa_nsg_app",
            "module.network.azurerm_network_security_group.sinequa_nsg_front",
            "module.network.azurerm_network_security_rule.http_on_app",
            "module.network.azurerm_network_security_rule.rdp_on_app",
            "module.network.azurerm_subnet.subnet_app",
            "module.network.azurerm_subnet.subnet_front",
            "module.network.azurerm_subnet_network_security_group_association.sinequa_subnet_nsg_app",
            "module.network.azurerm_subnet_network_security_group_association.sinequa_subnet_nsg_front",
            "module.network.azurerm_virtual_network.sinequa_vnet",
            "module.vm-primary-node1.azurerm_managed_disk.sinequa_vm_datadisk",
            "module.vm-primary-node1.azurerm_network_interface.sinequa_vm_nic",
            "module.vm-primary-node1.azurerm_network_interface_application_gateway_backend_address_pool_association.sinequa_vm_to_ag",
            "module.vm-primary-node1.azurerm_network_interface_security_group_association.sinequa_nic_nsg",
            "module.vm-primary-node1.azurerm_public_ip.sinequa_vm_pip",
            "module.vm-primary-node1.azurerm_virtual_machine.sinequa_vm",
            "module.vm-primary-node1.azurerm_virtual_machine_data_disk_attachment.sinequa_vm_datadisk_attach",
            "module.vm-primary-node1.azurerm_virtual_machine_data_disk_attachment.sinequa_vm_datadiskids_attach",
            "module.vm-primary-node2.azurerm_managed_disk.sinequa_vm_datadisk",
            "module.vm-primary-node2.azurerm_network_interface.sinequa_vm_nic",
            "module.vm-primary-node2.azurerm_network_interface_application_gateway_backend_address_pool_association.sinequa_vm_to_ag",
            "module.vm-primary-node2.azurerm_network_interface_security_group_association.sinequa_nic_nsg",
            "module.vm-primary-node2.azurerm_public_ip.sinequa_vm_pip",
            "module.vm-primary-node2.azurerm_virtual_machine.sinequa_vm",
            "module.vm-primary-node2.azurerm_virtual_machine_data_disk_attachment.sinequa_vm_datadisk_attach",
            "module.vm-primary-node2.azurerm_virtual_machine_data_disk_attachment.sinequa_vm_datadiskids_attach",
            "module.vm-primary-node3.azurerm_managed_disk.sinequa_vm_datadisk",
            "module.vm-primary-node3.azurerm_network_interface.sinequa_vm_nic",
            "module.vm-primary-node3.azurerm_network_interface_application_gateway_backend_address_pool_association.sinequa_vm_to_ag",
            "module.vm-primary-node3.azurerm_network_interface_security_group_association.sinequa_nic_nsg",
            "module.vm-primary-node3.azurerm_public_ip.sinequa_vm_pip",
            "module.vm-primary-node3.azurerm_virtual_machine.sinequa_vm",
            "module.vm-primary-node3.azurerm_virtual_machine_data_disk_attachment.sinequa_vm_datadisk_attach",
            "module.vm-primary-node3.azurerm_virtual_machine_data_disk_attachment.sinequa_vm_datadiskids_attach",
            "random_password.passwd",
            "random_password.sq_passwd"
          ]
        }
      ]
    }
  ],
  "check_results": null
}
